
Microsoft Visual Studio Solution File, Format Version 12.00
# Visual Studio Version 17
VisualStudioVersion = 17.6.33801.468
MinimumVisualStudioVersion = 10.0.40219.1
Project("{F184B08F-C81C-45F6-A57F-5ABD9991F28F}") = "SpvCli2", "SpvCli2\SpvCli2\SpvCli2.vbproj", "{746EA2F2-7E67-48F8-A141-FCD9E8CB77B7}"
EndProject
Project("{F184B08F-C81C-45F6-A57F-5ABD9991F28F}") = "AeatSii", "AeatSii\AeatSii.vbproj", "{C852D5C0-BC63-4B99-AE41-22EC93CFA6BC}"
EndProject
Project("{F184B08F-C81C-45F6-A57F-5ABD9991F28F}") = "DAL", "DAL\DAL.vbproj", "{57EC6C6F-A320-4D9F-AFDB-7643E97DC0F7}"
EndProject
Project("{F184B08F-C81C-45F6-A57F-5ABD9991F28F}") = "MatSchedService", "MatSchedService\MatSchedService\MatSchedService.vbproj", "{DD9076A6-C5D8-4F1F-8441-DEB4F3E61511}"
EndProject
Project("{F184B08F-C81C-45F6-A57F-5ABD9991F28F}") = "BEBL", "BEBL\BEBL.vbproj", "{FEC8ED2D-E855-4D72-9F4F-3010405808C7}"
EndProject
Project("{F184B08F-C81C-45F6-A57F-5ABD9991F28F}") = "ApiHelper", "ApiHelper\ApiHelper.vbproj", "{E36022A4-5371-4EA8-BD78-171CED2EB5FB}"
EndProject
Project("{F184B08F-C81C-45F6-A57F-5ABD9991F28F}") = "MatSchedTest", "MatSchedTest\MatSchedTest.vbproj", "{D081613E-316D-4C62-8BFE-EF5FCA59BB85}"
EndProject
Project("{F184B08F-C81C-45F6-A57F-5ABD9991F28F}") = "LegacyHelper", "LegacyHelper\LegacyHelper.vbproj", "{D0841F63-FE98-4BC0-BF84-7A9A9608B920}"
EndProject
Project("{778DAE3C-4631-46EA-AA77-85C1314464D9}") = "MatHelperStd", "MatHelperStd\MatHelperStd.vbproj", "{38401BFE-45C6-4E67-BA29-12F8DD0C483E}"
EndProject
Project("{D954291E-2A0B-460D-934E-DC6B0785DB48}") = "MatSchedShared", "MatSchedShared\MatSchedShared.shproj", "{1651EEA6-DC38-46B6-8CEF-3B37B0FC2316}"
EndProject
Project("{9A19103F-16F7-4668-BE54-9A1E7A4F7556}") = "DTO", "DTO\DTO.csproj", "{C2F49505-452B-4856-B8A0-C504DF10CDF2}"
EndProject
Project("{9A19103F-16F7-4668-BE54-9A1E7A4F7556}") = "EdiHelperStd", "EdiHelperStd\EdiHelperStd.csproj", "{AB348520-ACDB-40DC-88B3-4795CB4C7424}"
EndProject
Project("{F184B08F-C81C-45F6-A57F-5ABD9991F28F}") = "EdiHelperClient", "EdiHelperClient\EdiHelperClient.vbproj", "{A380D0FD-D121-4C02-B42F-FB67A00BB68A}"
EndProject
Project("{F184B08F-C81C-45F6-A57F-5ABD9991F28F}") = "Winforms2", "Winforms2\Winforms2.vbproj", "{D6ACCAF1-147E-4EF9-9F0A-B87D6E68D564}"
EndProject
Project("{F184B08F-C81C-45F6-A57F-5ABD9991F28F}") = "Website", "Website\Website.vbproj", "{83A7B808-C53E-473A-8AB2-19D2F842B805}"
EndProject
Project("{F184B08F-C81C-45F6-A57F-5ABD9991F28F}") = "FEB", "FEB\FEB.vbproj", "{8AB5A06A-2B87-4EF0-AAB5-AFDA31A53B22}"
EndProject
Project("{FAE04EC0-301F-11D3-BF4B-00C04F79EFBC}") = "MatHelper", "MatHelper\MatHelper.csproj", "{D6AB48F7-36E9-4CE3-8850-1CA00A508141}"
EndProject
Project("{FAE04EC0-301F-11D3-BF4B-00C04F79EFBC}") = "MatHelperCFwk", "MatHelperCFwk\MatHelperCFwk.csproj", "{66309F27-9C40-420C-8A6D-8DB2CC8514DA}"
EndProject
Project("{F184B08F-C81C-45F6-A57F-5ABD9991F28F}") = "WebApi2", "WebApi2\WebApi2.vbproj", "{E414D032-3315-474B-85F0-122B62EFCF9C}"
EndProject
Project("{F184B08F-C81C-45F6-A57F-5ABD9991F28F}") = "WebApi", "WebApi\WebApi.vbproj", "{BC919338-B6F0-4907-9D0C-A9FE28A46426}"
EndProject
Project("{F184B08F-C81C-45F6-A57F-5ABD9991F28F}") = "Winforms3", "Winforms3\Winforms3.vbproj", "{CA0C8E4D-56E8-4D98-AB14-728030803B6C}"
EndProject
Global
	GlobalSection(SolutionConfigurationPlatforms) = preSolution
		Debug|Any CPU = Debug|Any CPU
		Debug|ARM = Debug|ARM
		Debug|ARM64 = Debug|ARM64
		Debug|iPhone = Debug|iPhone
		Debug|iPhoneSimulator = Debug|iPhoneSimulator
		Debug|Mixed Platforms = Debug|Mixed Platforms
		Debug|x64 = Debug|x64
		Debug|x86 = Debug|x86
		Release|Any CPU = Release|Any CPU
		Release|ARM = Release|ARM
		Release|ARM64 = Release|ARM64
		Release|iPhone = Release|iPhone
		Release|iPhoneSimulator = Release|iPhoneSimulator
		Release|Mixed Platforms = Release|Mixed Platforms
		Release|x64 = Release|x64
		Release|x86 = Release|x86
	EndGlobalSection
	GlobalSection(ProjectConfigurationPlatforms) = postSolution
		{746EA2F2-7E67-48F8-A141-FCD9E8CB77B7}.Debug|Any CPU.ActiveCfg = Debug|Any CPU
		{746EA2F2-7E67-48F8-A141-FCD9E8CB77B7}.Debug|Any CPU.Build.0 = Debug|Any CPU
		{746EA2F2-7E67-48F8-A141-FCD9E8CB77B7}.Debug|ARM.ActiveCfg = Debug|Any CPU
		{746EA2F2-7E67-48F8-A141-FCD9E8CB77B7}.Debug|ARM.Build.0 = Debug|Any CPU
		{746EA2F2-7E67-48F8-A141-FCD9E8CB77B7}.Debug|ARM64.ActiveCfg = Debug|Any CPU
		{746EA2F2-7E67-48F8-A141-FCD9E8CB77B7}.Debug|ARM64.Build.0 = Debug|Any CPU
		{746EA2F2-7E67-48F8-A141-FCD9E8CB77B7}.Debug|iPhone.ActiveCfg = Debug|Any CPU
		{746EA2F2-7E67-48F8-A141-FCD9E8CB77B7}.Debug|iPhone.Build.0 = Debug|Any CPU
		{746EA2F2-7E67-48F8-A141-FCD9E8CB77B7}.Debug|iPhoneSimulator.ActiveCfg = Debug|Any CPU
		{746EA2F2-7E67-48F8-A141-FCD9E8CB77B7}.Debug|iPhoneSimulator.Build.0 = Debug|Any CPU
		{746EA2F2-7E67-48F8-A141-FCD9E8CB77B7}.Debug|Mixed Platforms.ActiveCfg = Debug|Any CPU
		{746EA2F2-7E67-48F8-A141-FCD9E8CB77B7}.Debug|Mixed Platforms.Build.0 = Debug|Any CPU
		{746EA2F2-7E67-48F8-A141-FCD9E8CB77B7}.Debug|x64.ActiveCfg = Debug|Any CPU
		{746EA2F2-7E67-48F8-A141-FCD9E8CB77B7}.Debug|x64.Build.0 = Debug|Any CPU
		{746EA2F2-7E67-48F8-A141-FCD9E8CB77B7}.Debug|x86.ActiveCfg = Debug|Any CPU
		{746EA2F2-7E67-48F8-A141-FCD9E8CB77B7}.Debug|x86.Build.0 = Debug|Any CPU
		{746EA2F2-7E67-48F8-A141-FCD9E8CB77B7}.Release|Any CPU.ActiveCfg = Release|Any CPU
		{746EA2F2-7E67-48F8-A141-FCD9E8CB77B7}.Release|Any CPU.Build.0 = Release|Any CPU
		{746EA2F2-7E67-48F8-A141-FCD9E8CB77B7}.Release|ARM.ActiveCfg = Release|Any CPU
		{746EA2F2-7E67-48F8-A141-FCD9E8CB77B7}.Release|ARM.Build.0 = Release|Any CPU
		{746EA2F2-7E67-48F8-A141-FCD9E8CB77B7}.Release|ARM64.ActiveCfg = Release|Any CPU
		{746EA2F2-7E67-48F8-A141-FCD9E8CB77B7}.Release|ARM64.Build.0 = Release|Any CPU
		{746EA2F2-7E67-48F8-A141-FCD9E8CB77B7}.Release|iPhone.ActiveCfg = Release|Any CPU
		{746EA2F2-7E67-48F8-A141-FCD9E8CB77B7}.Release|iPhone.Build.0 = Release|Any CPU
		{746EA2F2-7E67-48F8-A141-FCD9E8CB77B7}.Release|iPhoneSimulator.ActiveCfg = Release|Any CPU
		{746EA2F2-7E67-48F8-A141-FCD9E8CB77B7}.Release|iPhoneSimulator.Build.0 = Release|Any CPU
		{746EA2F2-7E67-48F8-A141-FCD9E8CB77B7}.Release|Mixed Platforms.ActiveCfg = Release|Any CPU
		{746EA2F2-7E67-48F8-A141-FCD9E8CB77B7}.Release|Mixed Platforms.Build.0 = Release|Any CPU
		{746EA2F2-7E67-48F8-A141-FCD9E8CB77B7}.Release|x64.ActiveCfg = Release|Any CPU
		{746EA2F2-7E67-48F8-A141-FCD9E8CB77B7}.Release|x64.Build.0 = Release|Any CPU
		{746EA2F2-7E67-48F8-A141-FCD9E8CB77B7}.Release|x86.ActiveCfg = Release|Any CPU
		{746EA2F2-7E67-48F8-A141-FCD9E8CB77B7}.Release|x86.Build.0 = Release|Any CPU
		{C852D5C0-BC63-4B99-AE41-22EC93CFA6BC}.Debug|Any CPU.ActiveCfg = Debug|Any CPU
		{C852D5C0-BC63-4B99-AE41-22EC93CFA6BC}.Debug|Any CPU.Build.0 = Debug|Any CPU
		{C852D5C0-BC63-4B99-AE41-22EC93CFA6BC}.Debug|ARM.ActiveCfg = Debug|Any CPU
		{C852D5C0-BC63-4B99-AE41-22EC93CFA6BC}.Debug|ARM.Build.0 = Debug|Any CPU
		{C852D5C0-BC63-4B99-AE41-22EC93CFA6BC}.Debug|ARM64.ActiveCfg = Debug|Any CPU
		{C852D5C0-BC63-4B99-AE41-22EC93CFA6BC}.Debug|ARM64.Build.0 = Debug|Any CPU
		{C852D5C0-BC63-4B99-AE41-22EC93CFA6BC}.Debug|iPhone.ActiveCfg = Debug|Any CPU
		{C852D5C0-BC63-4B99-AE41-22EC93CFA6BC}.Debug|iPhone.Build.0 = Debug|Any CPU
		{C852D5C0-BC63-4B99-AE41-22EC93CFA6BC}.Debug|iPhoneSimulator.ActiveCfg = Debug|Any CPU
		{C852D5C0-BC63-4B99-AE41-22EC93CFA6BC}.Debug|iPhoneSimulator.Build.0 = Debug|Any CPU
		{C852D5C0-BC63-4B99-AE41-22EC93CFA6BC}.Debug|Mixed Platforms.ActiveCfg = Debug|Any CPU
		{C852D5C0-BC63-4B99-AE41-22EC93CFA6BC}.Debug|Mixed Platforms.Build.0 = Debug|Any CPU
		{C852D5C0-BC63-4B99-AE41-22EC93CFA6BC}.Debug|x64.ActiveCfg = Debug|Any CPU
		{C852D5C0-BC63-4B99-AE41-22EC93CFA6BC}.Debug|x64.Build.0 = Debug|Any CPU
		{C852D5C0-BC63-4B99-AE41-22EC93CFA6BC}.Debug|x86.ActiveCfg = Debug|Any CPU
		{C852D5C0-BC63-4B99-AE41-22EC93CFA6BC}.Debug|x86.Build.0 = Debug|Any CPU
		{C852D5C0-BC63-4B99-AE41-22EC93CFA6BC}.Release|Any CPU.ActiveCfg = Release|Any CPU
		{C852D5C0-BC63-4B99-AE41-22EC93CFA6BC}.Release|Any CPU.Build.0 = Release|Any CPU
		{C852D5C0-BC63-4B99-AE41-22EC93CFA6BC}.Release|ARM.ActiveCfg = Release|Any CPU
		{C852D5C0-BC63-4B99-AE41-22EC93CFA6BC}.Release|ARM.Build.0 = Release|Any CPU
		{C852D5C0-BC63-4B99-AE41-22EC93CFA6BC}.Release|ARM64.ActiveCfg = Release|Any CPU
		{C852D5C0-BC63-4B99-AE41-22EC93CFA6BC}.Release|ARM64.Build.0 = Release|Any CPU
		{C852D5C0-BC63-4B99-AE41-22EC93CFA6BC}.Release|iPhone.ActiveCfg = Release|Any CPU
		{C852D5C0-BC63-4B99-AE41-22EC93CFA6BC}.Release|iPhone.Build.0 = Release|Any CPU
		{C852D5C0-BC63-4B99-AE41-22EC93CFA6BC}.Release|iPhoneSimulator.ActiveCfg = Release|Any CPU
		{C852D5C0-BC63-4B99-AE41-22EC93CFA6BC}.Release|iPhoneSimulator.Build.0 = Release|Any CPU
		{C852D5C0-BC63-4B99-AE41-22EC93CFA6BC}.Release|Mixed Platforms.ActiveCfg = Release|Any CPU
		{C852D5C0-BC63-4B99-AE41-22EC93CFA6BC}.Release|Mixed Platforms.Build.0 = Release|Any CPU
		{C852D5C0-BC63-4B99-AE41-22EC93CFA6BC}.Release|x64.ActiveCfg = Release|Any CPU
		{C852D5C0-BC63-4B99-AE41-22EC93CFA6BC}.Release|x64.Build.0 = Release|Any CPU
		{C852D5C0-BC63-4B99-AE41-22EC93CFA6BC}.Release|x86.ActiveCfg = Release|Any CPU
		{C852D5C0-BC63-4B99-AE41-22EC93CFA6BC}.Release|x86.Build.0 = Release|Any CPU
		{57EC6C6F-A320-4D9F-AFDB-7643E97DC0F7}.Debug|Any CPU.ActiveCfg = Debug|Any CPU
		{57EC6C6F-A320-4D9F-AFDB-7643E97DC0F7}.Debug|Any CPU.Build.0 = Debug|Any CPU
		{57EC6C6F-A320-4D9F-AFDB-7643E97DC0F7}.Debug|ARM.ActiveCfg = Debug|Any CPU
		{57EC6C6F-A320-4D9F-AFDB-7643E97DC0F7}.Debug|ARM.Build.0 = Debug|Any CPU
		{57EC6C6F-A320-4D9F-AFDB-7643E97DC0F7}.Debug|ARM64.ActiveCfg = Debug|Any CPU
		{57EC6C6F-A320-4D9F-AFDB-7643E97DC0F7}.Debug|ARM64.Build.0 = Debug|Any CPU
		{57EC6C6F-A320-4D9F-AFDB-7643E97DC0F7}.Debug|iPhone.ActiveCfg = Debug|Any CPU
		{57EC6C6F-A320-4D9F-AFDB-7643E97DC0F7}.Debug|iPhone.Build.0 = Debug|Any CPU
		{57EC6C6F-A320-4D9F-AFDB-7643E97DC0F7}.Debug|iPhoneSimulator.ActiveCfg = Debug|Any CPU
		{57EC6C6F-A320-4D9F-AFDB-7643E97DC0F7}.Debug|iPhoneSimulator.Build.0 = Debug|Any CPU
		{57EC6C6F-A320-4D9F-AFDB-7643E97DC0F7}.Debug|Mixed Platforms.ActiveCfg = Debug|Any CPU
		{57EC6C6F-A320-4D9F-AFDB-7643E97DC0F7}.Debug|Mixed Platforms.Build.0 = Debug|Any CPU
		{57EC6C6F-A320-4D9F-AFDB-7643E97DC0F7}.Debug|x64.ActiveCfg = Debug|Any CPU
		{57EC6C6F-A320-4D9F-AFDB-7643E97DC0F7}.Debug|x64.Build.0 = Debug|Any CPU
		{57EC6C6F-A320-4D9F-AFDB-7643E97DC0F7}.Debug|x86.ActiveCfg = Debug|Any CPU
		{57EC6C6F-A320-4D9F-AFDB-7643E97DC0F7}.Debug|x86.Build.0 = Debug|Any CPU
		{57EC6C6F-A320-4D9F-AFDB-7643E97DC0F7}.Release|Any CPU.ActiveCfg = Release|Any CPU
		{57EC6C6F-A320-4D9F-AFDB-7643E97DC0F7}.Release|Any CPU.Build.0 = Release|Any CPU
		{57EC6C6F-A320-4D9F-AFDB-7643E97DC0F7}.Release|ARM.ActiveCfg = Release|Any CPU
		{57EC6C6F-A320-4D9F-AFDB-7643E97DC0F7}.Release|ARM.Build.0 = Release|Any CPU
		{57EC6C6F-A320-4D9F-AFDB-7643E97DC0F7}.Release|ARM64.ActiveCfg = Release|Any CPU
		{57EC6C6F-A320-4D9F-AFDB-7643E97DC0F7}.Release|ARM64.Build.0 = Release|Any CPU
		{57EC6C6F-A320-4D9F-AFDB-7643E97DC0F7}.Release|iPhone.ActiveCfg = Release|Any CPU
		{57EC6C6F-A320-4D9F-AFDB-7643E97DC0F7}.Release|iPhone.Build.0 = Release|Any CPU
		{57EC6C6F-A320-4D9F-AFDB-7643E97DC0F7}.Release|iPhoneSimulator.ActiveCfg = Release|Any CPU
		{57EC6C6F-A320-4D9F-AFDB-7643E97DC0F7}.Release|iPhoneSimulator.Build.0 = Release|Any CPU
		{57EC6C6F-A320-4D9F-AFDB-7643E97DC0F7}.Release|Mixed Platforms.ActiveCfg = Release|Any CPU
		{57EC6C6F-A320-4D9F-AFDB-7643E97DC0F7}.Release|Mixed Platforms.Build.0 = Release|Any CPU
		{57EC6C6F-A320-4D9F-AFDB-7643E97DC0F7}.Release|x64.ActiveCfg = Release|Any CPU
		{57EC6C6F-A320-4D9F-AFDB-7643E97DC0F7}.Release|x64.Build.0 = Release|Any CPU
		{57EC6C6F-A320-4D9F-AFDB-7643E97DC0F7}.Release|x86.ActiveCfg = Release|Any CPU
		{57EC6C6F-A320-4D9F-AFDB-7643E97DC0F7}.Release|x86.Build.0 = Release|Any CPU
		{DD9076A6-C5D8-4F1F-8441-DEB4F3E61511}.Debug|Any CPU.ActiveCfg = Debug|Any CPU
		{DD9076A6-C5D8-4F1F-8441-DEB4F3E61511}.Debug|Any CPU.Build.0 = Debug|Any CPU
		{DD9076A6-C5D8-4F1F-8441-DEB4F3E61511}.Debug|ARM.ActiveCfg = Debug|Any CPU
		{DD9076A6-C5D8-4F1F-8441-DEB4F3E61511}.Debug|ARM.Build.0 = Debug|Any CPU
		{DD9076A6-C5D8-4F1F-8441-DEB4F3E61511}.Debug|ARM64.ActiveCfg = Debug|Any CPU
		{DD9076A6-C5D8-4F1F-8441-DEB4F3E61511}.Debug|ARM64.Build.0 = Debug|Any CPU
		{DD9076A6-C5D8-4F1F-8441-DEB4F3E61511}.Debug|iPhone.ActiveCfg = Debug|Any CPU
		{DD9076A6-C5D8-4F1F-8441-DEB4F3E61511}.Debug|iPhone.Build.0 = Debug|Any CPU
		{DD9076A6-C5D8-4F1F-8441-DEB4F3E61511}.Debug|iPhoneSimulator.ActiveCfg = Debug|Any CPU
		{DD9076A6-C5D8-4F1F-8441-DEB4F3E61511}.Debug|iPhoneSimulator.Build.0 = Debug|Any CPU
		{DD9076A6-C5D8-4F1F-8441-DEB4F3E61511}.Debug|Mixed Platforms.ActiveCfg = Debug|Any CPU
		{DD9076A6-C5D8-4F1F-8441-DEB4F3E61511}.Debug|Mixed Platforms.Build.0 = Debug|Any CPU
		{DD9076A6-C5D8-4F1F-8441-DEB4F3E61511}.Debug|x64.ActiveCfg = Debug|Any CPU
		{DD9076A6-C5D8-4F1F-8441-DEB4F3E61511}.Debug|x64.Build.0 = Debug|Any CPU
		{DD9076A6-C5D8-4F1F-8441-DEB4F3E61511}.Debug|x86.ActiveCfg = Debug|Any CPU
		{DD9076A6-C5D8-4F1F-8441-DEB4F3E61511}.Debug|x86.Build.0 = Debug|Any CPU
		{DD9076A6-C5D8-4F1F-8441-DEB4F3E61511}.Release|Any CPU.ActiveCfg = Release|Any CPU
		{DD9076A6-C5D8-4F1F-8441-DEB4F3E61511}.Release|Any CPU.Build.0 = Release|Any CPU
		{DD9076A6-C5D8-4F1F-8441-DEB4F3E61511}.Release|ARM.ActiveCfg = Release|Any CPU
		{DD9076A6-C5D8-4F1F-8441-DEB4F3E61511}.Release|ARM.Build.0 = Release|Any CPU
		{DD9076A6-C5D8-4F1F-8441-DEB4F3E61511}.Release|ARM64.ActiveCfg = Release|Any CPU
		{DD9076A6-C5D8-4F1F-8441-DEB4F3E61511}.Release|ARM64.Build.0 = Release|Any CPU
		{DD9076A6-C5D8-4F1F-8441-DEB4F3E61511}.Release|iPhone.ActiveCfg = Release|Any CPU
		{DD9076A6-C5D8-4F1F-8441-DEB4F3E61511}.Release|iPhone.Build.0 = Release|Any CPU
		{DD9076A6-C5D8-4F1F-8441-DEB4F3E61511}.Release|iPhoneSimulator.ActiveCfg = Release|Any CPU
		{DD9076A6-C5D8-4F1F-8441-DEB4F3E61511}.Release|iPhoneSimulator.Build.0 = Release|Any CPU
		{DD9076A6-C5D8-4F1F-8441-DEB4F3E61511}.Release|Mixed Platforms.ActiveCfg = Release|Any CPU
		{DD9076A6-C5D8-4F1F-8441-DEB4F3E61511}.Release|Mixed Platforms.Build.0 = Release|Any CPU
		{DD9076A6-C5D8-4F1F-8441-DEB4F3E61511}.Release|x64.ActiveCfg = Release|Any CPU
		{DD9076A6-C5D8-4F1F-8441-DEB4F3E61511}.Release|x64.Build.0 = Release|Any CPU
		{DD9076A6-C5D8-4F1F-8441-DEB4F3E61511}.Release|x86.ActiveCfg = Release|Any CPU
		{DD9076A6-C5D8-4F1F-8441-DEB4F3E61511}.Release|x86.Build.0 = Release|Any CPU
		{FEC8ED2D-E855-4D72-9F4F-3010405808C7}.Debug|Any CPU.ActiveCfg = Debug|Any CPU
		{FEC8ED2D-E855-4D72-9F4F-3010405808C7}.Debug|Any CPU.Build.0 = Debug|Any CPU
		{FEC8ED2D-E855-4D72-9F4F-3010405808C7}.Debug|ARM.ActiveCfg = Debug|Any CPU
		{FEC8ED2D-E855-4D72-9F4F-3010405808C7}.Debug|ARM.Build.0 = Debug|Any CPU
		{FEC8ED2D-E855-4D72-9F4F-3010405808C7}.Debug|ARM64.ActiveCfg = Debug|Any CPU
		{FEC8ED2D-E855-4D72-9F4F-3010405808C7}.Debug|ARM64.Build.0 = Debug|Any CPU
		{FEC8ED2D-E855-4D72-9F4F-3010405808C7}.Debug|iPhone.ActiveCfg = Debug|Any CPU
		{FEC8ED2D-E855-4D72-9F4F-3010405808C7}.Debug|iPhone.Build.0 = Debug|Any CPU
		{FEC8ED2D-E855-4D72-9F4F-3010405808C7}.Debug|iPhoneSimulator.ActiveCfg = Debug|Any CPU
		{FEC8ED2D-E855-4D72-9F4F-3010405808C7}.Debug|iPhoneSimulator.Build.0 = Debug|Any CPU
		{FEC8ED2D-E855-4D72-9F4F-3010405808C7}.Debug|Mixed Platforms.ActiveCfg = Debug|Any CPU
		{FEC8ED2D-E855-4D72-9F4F-3010405808C7}.Debug|Mixed Platforms.Build.0 = Debug|Any CPU
		{FEC8ED2D-E855-4D72-9F4F-3010405808C7}.Debug|x64.ActiveCfg = Debug|Any CPU
		{FEC8ED2D-E855-4D72-9F4F-3010405808C7}.Debug|x64.Build.0 = Debug|Any CPU
		{FEC8ED2D-E855-4D72-9F4F-3010405808C7}.Debug|x86.ActiveCfg = Debug|Any CPU
		{FEC8ED2D-E855-4D72-9F4F-3010405808C7}.Debug|x86.Build.0 = Debug|Any CPU
		{FEC8ED2D-E855-4D72-9F4F-3010405808C7}.Release|Any CPU.ActiveCfg = Release|Any CPU
		{FEC8ED2D-E855-4D72-9F4F-3010405808C7}.Release|Any CPU.Build.0 = Release|Any CPU
		{FEC8ED2D-E855-4D72-9F4F-3010405808C7}.Release|ARM.ActiveCfg = Release|Any CPU
		{FEC8ED2D-E855-4D72-9F4F-3010405808C7}.Release|ARM.Build.0 = Release|Any CPU
		{FEC8ED2D-E855-4D72-9F4F-3010405808C7}.Release|ARM64.ActiveCfg = Release|Any CPU
		{FEC8ED2D-E855-4D72-9F4F-3010405808C7}.Release|ARM64.Build.0 = Release|Any CPU
		{FEC8ED2D-E855-4D72-9F4F-3010405808C7}.Release|iPhone.ActiveCfg = Release|Any CPU
		{FEC8ED2D-E855-4D72-9F4F-3010405808C7}.Release|iPhone.Build.0 = Release|Any CPU
		{FEC8ED2D-E855-4D72-9F4F-3010405808C7}.Release|iPhoneSimulator.ActiveCfg = Release|Any CPU
		{FEC8ED2D-E855-4D72-9F4F-3010405808C7}.Release|iPhoneSimulator.Build.0 = Release|Any CPU
		{FEC8ED2D-E855-4D72-9F4F-3010405808C7}.Release|Mixed Platforms.ActiveCfg = Release|Any CPU
		{FEC8ED2D-E855-4D72-9F4F-3010405808C7}.Release|Mixed Platforms.Build.0 = Release|Any CPU
		{FEC8ED2D-E855-4D72-9F4F-3010405808C7}.Release|x64.ActiveCfg = Release|Any CPU
		{FEC8ED2D-E855-4D72-9F4F-3010405808C7}.Release|x64.Build.0 = Release|Any CPU
		{FEC8ED2D-E855-4D72-9F4F-3010405808C7}.Release|x86.ActiveCfg = Release|Any CPU
		{FEC8ED2D-E855-4D72-9F4F-3010405808C7}.Release|x86.Build.0 = Release|Any CPU
		{E36022A4-5371-4EA8-BD78-171CED2EB5FB}.Debug|Any CPU.ActiveCfg = Debug|Any CPU
		{E36022A4-5371-4EA8-BD78-171CED2EB5FB}.Debug|Any CPU.Build.0 = Debug|Any CPU
		{E36022A4-5371-4EA8-BD78-171CED2EB5FB}.Debug|ARM.ActiveCfg = Debug|Any CPU
		{E36022A4-5371-4EA8-BD78-171CED2EB5FB}.Debug|ARM.Build.0 = Debug|Any CPU
		{E36022A4-5371-4EA8-BD78-171CED2EB5FB}.Debug|ARM64.ActiveCfg = Debug|Any CPU
		{E36022A4-5371-4EA8-BD78-171CED2EB5FB}.Debug|ARM64.Build.0 = Debug|Any CPU
		{E36022A4-5371-4EA8-BD78-171CED2EB5FB}.Debug|iPhone.ActiveCfg = Debug|Any CPU
		{E36022A4-5371-4EA8-BD78-171CED2EB5FB}.Debug|iPhone.Build.0 = Debug|Any CPU
		{E36022A4-5371-4EA8-BD78-171CED2EB5FB}.Debug|iPhoneSimulator.ActiveCfg = Debug|Any CPU
		{E36022A4-5371-4EA8-BD78-171CED2EB5FB}.Debug|iPhoneSimulator.Build.0 = Debug|Any CPU
		{E36022A4-5371-4EA8-BD78-171CED2EB5FB}.Debug|Mixed Platforms.ActiveCfg = Debug|Any CPU
		{E36022A4-5371-4EA8-BD78-171CED2EB5FB}.Debug|Mixed Platforms.Build.0 = Debug|Any CPU
		{E36022A4-5371-4EA8-BD78-171CED2EB5FB}.Debug|x64.ActiveCfg = Debug|Any CPU
		{E36022A4-5371-4EA8-BD78-171CED2EB5FB}.Debug|x64.Build.0 = Debug|Any CPU
		{E36022A4-5371-4EA8-BD78-171CED2EB5FB}.Debug|x86.ActiveCfg = Debug|Any CPU
		{E36022A4-5371-4EA8-BD78-171CED2EB5FB}.Debug|x86.Build.0 = Debug|Any CPU
		{E36022A4-5371-4EA8-BD78-171CED2EB5FB}.Release|Any CPU.ActiveCfg = Release|Any CPU
		{E36022A4-5371-4EA8-BD78-171CED2EB5FB}.Release|Any CPU.Build.0 = Release|Any CPU
		{E36022A4-5371-4EA8-BD78-171CED2EB5FB}.Release|ARM.ActiveCfg = Release|Any CPU
		{E36022A4-5371-4EA8-BD78-171CED2EB5FB}.Release|ARM.Build.0 = Release|Any CPU
		{E36022A4-5371-4EA8-BD78-171CED2EB5FB}.Release|ARM64.ActiveCfg = Release|Any CPU
		{E36022A4-5371-4EA8-BD78-171CED2EB5FB}.Release|ARM64.Build.0 = Release|Any CPU
		{E36022A4-5371-4EA8-BD78-171CED2EB5FB}.Release|iPhone.ActiveCfg = Release|Any CPU
		{E36022A4-5371-4EA8-BD78-171CED2EB5FB}.Release|iPhone.Build.0 = Release|Any CPU
		{E36022A4-5371-4EA8-BD78-171CED2EB5FB}.Release|iPhoneSimulator.ActiveCfg = Release|Any CPU
		{E36022A4-5371-4EA8-BD78-171CED2EB5FB}.Release|iPhoneSimulator.Build.0 = Release|Any CPU
		{E36022A4-5371-4EA8-BD78-171CED2EB5FB}.Release|Mixed Platforms.ActiveCfg = Release|Any CPU
		{E36022A4-5371-4EA8-BD78-171CED2EB5FB}.Release|Mixed Platforms.Build.0 = Release|Any CPU
		{E36022A4-5371-4EA8-BD78-171CED2EB5FB}.Release|x64.ActiveCfg = Release|Any CPU
		{E36022A4-5371-4EA8-BD78-171CED2EB5FB}.Release|x64.Build.0 = Release|Any CPU
		{E36022A4-5371-4EA8-BD78-171CED2EB5FB}.Release|x86.ActiveCfg = Release|Any CPU
		{E36022A4-5371-4EA8-BD78-171CED2EB5FB}.Release|x86.Build.0 = Release|Any CPU
		{D081613E-316D-4C62-8BFE-EF5FCA59BB85}.Debug|Any CPU.ActiveCfg = Debug|Any CPU
		{D081613E-316D-4C62-8BFE-EF5FCA59BB85}.Debug|Any CPU.Build.0 = Debug|Any CPU
		{D081613E-316D-4C62-8BFE-EF5FCA59BB85}.Debug|ARM.ActiveCfg = Debug|Any CPU
		{D081613E-316D-4C62-8BFE-EF5FCA59BB85}.Debug|ARM.Build.0 = Debug|Any CPU
		{D081613E-316D-4C62-8BFE-EF5FCA59BB85}.Debug|ARM64.ActiveCfg = Debug|Any CPU
		{D081613E-316D-4C62-8BFE-EF5FCA59BB85}.Debug|ARM64.Build.0 = Debug|Any CPU
		{D081613E-316D-4C62-8BFE-EF5FCA59BB85}.Debug|iPhone.ActiveCfg = Debug|Any CPU
		{D081613E-316D-4C62-8BFE-EF5FCA59BB85}.Debug|iPhone.Build.0 = Debug|Any CPU
		{D081613E-316D-4C62-8BFE-EF5FCA59BB85}.Debug|iPhoneSimulator.ActiveCfg = Debug|Any CPU
		{D081613E-316D-4C62-8BFE-EF5FCA59BB85}.Debug|iPhoneSimulator.Build.0 = Debug|Any CPU
		{D081613E-316D-4C62-8BFE-EF5FCA59BB85}.Debug|Mixed Platforms.ActiveCfg = Debug|Any CPU
		{D081613E-316D-4C62-8BFE-EF5FCA59BB85}.Debug|Mixed Platforms.Build.0 = Debug|Any CPU
		{D081613E-316D-4C62-8BFE-EF5FCA59BB85}.Debug|x64.ActiveCfg = Debug|Any CPU
		{D081613E-316D-4C62-8BFE-EF5FCA59BB85}.Debug|x64.Build.0 = Debug|Any CPU
		{D081613E-316D-4C62-8BFE-EF5FCA59BB85}.Debug|x86.ActiveCfg = Debug|Any CPU
		{D081613E-316D-4C62-8BFE-EF5FCA59BB85}.Debug|x86.Build.0 = Debug|Any CPU
		{D081613E-316D-4C62-8BFE-EF5FCA59BB85}.Release|Any CPU.ActiveCfg = Release|Any CPU
		{D081613E-316D-4C62-8BFE-EF5FCA59BB85}.Release|Any CPU.Build.0 = Release|Any CPU
		{D081613E-316D-4C62-8BFE-EF5FCA59BB85}.Release|ARM.ActiveCfg = Release|Any CPU
		{D081613E-316D-4C62-8BFE-EF5FCA59BB85}.Release|ARM.Build.0 = Release|Any CPU
		{D081613E-316D-4C62-8BFE-EF5FCA59BB85}.Release|ARM64.ActiveCfg = Release|Any CPU
		{D081613E-316D-4C62-8BFE-EF5FCA59BB85}.Release|ARM64.Build.0 = Release|Any CPU
		{D081613E-316D-4C62-8BFE-EF5FCA59BB85}.Release|iPhone.ActiveCfg = Release|Any CPU
		{D081613E-316D-4C62-8BFE-EF5FCA59BB85}.Release|iPhone.Build.0 = Release|Any CPU
		{D081613E-316D-4C62-8BFE-EF5FCA59BB85}.Release|iPhoneSimulator.ActiveCfg = Release|Any CPU
		{D081613E-316D-4C62-8BFE-EF5FCA59BB85}.Release|iPhoneSimulator.Build.0 = Release|Any CPU
		{D081613E-316D-4C62-8BFE-EF5FCA59BB85}.Release|Mixed Platforms.ActiveCfg = Release|Any CPU
		{D081613E-316D-4C62-8BFE-EF5FCA59BB85}.Release|Mixed Platforms.Build.0 = Release|Any CPU
		{D081613E-316D-4C62-8BFE-EF5FCA59BB85}.Release|x64.ActiveCfg = Release|Any CPU
		{D081613E-316D-4C62-8BFE-EF5FCA59BB85}.Release|x64.Build.0 = Release|Any CPU
		{D081613E-316D-4C62-8BFE-EF5FCA59BB85}.Release|x86.ActiveCfg = Release|Any CPU
		{D081613E-316D-4C62-8BFE-EF5FCA59BB85}.Release|x86.Build.0 = Release|Any CPU
		{D0841F63-FE98-4BC0-BF84-7A9A9608B920}.Debug|Any CPU.ActiveCfg = Debug|Any CPU
		{D0841F63-FE98-4BC0-BF84-7A9A9608B920}.Debug|Any CPU.Build.0 = Debug|Any CPU
		{D0841F63-FE98-4BC0-BF84-7A9A9608B920}.Debug|ARM.ActiveCfg = Debug|Any CPU
		{D0841F63-FE98-4BC0-BF84-7A9A9608B920}.Debug|ARM.Build.0 = Debug|Any CPU
		{D0841F63-FE98-4BC0-BF84-7A9A9608B920}.Debug|ARM64.ActiveCfg = Debug|Any CPU
		{D0841F63-FE98-4BC0-BF84-7A9A9608B920}.Debug|ARM64.Build.0 = Debug|Any CPU
		{D0841F63-FE98-4BC0-BF84-7A9A9608B920}.Debug|iPhone.ActiveCfg = Debug|Any CPU
		{D0841F63-FE98-4BC0-BF84-7A9A9608B920}.Debug|iPhone.Build.0 = Debug|Any CPU
		{D0841F63-FE98-4BC0-BF84-7A9A9608B920}.Debug|iPhoneSimulator.ActiveCfg = Debug|Any CPU
		{D0841F63-FE98-4BC0-BF84-7A9A9608B920}.Debug|iPhoneSimulator.Build.0 = Debug|Any CPU
		{D0841F63-FE98-4BC0-BF84-7A9A9608B920}.Debug|Mixed Platforms.ActiveCfg = Debug|Any CPU
		{D0841F63-FE98-4BC0-BF84-7A9A9608B920}.Debug|Mixed Platforms.Build.0 = Debug|Any CPU
		{D0841F63-FE98-4BC0-BF84-7A9A9608B920}.Debug|x64.ActiveCfg = Debug|Any CPU
		{D0841F63-FE98-4BC0-BF84-7A9A9608B920}.Debug|x64.Build.0 = Debug|Any CPU
		{D0841F63-FE98-4BC0-BF84-7A9A9608B920}.Debug|x86.ActiveCfg = Debug|Any CPU
		{D0841F63-FE98-4BC0-BF84-7A9A9608B920}.Debug|x86.Build.0 = Debug|Any CPU
		{D0841F63-FE98-4BC0-BF84-7A9A9608B920}.Release|Any CPU.ActiveCfg = Release|Any CPU
		{D0841F63-FE98-4BC0-BF84-7A9A9608B920}.Release|Any CPU.Build.0 = Release|Any CPU
		{D0841F63-FE98-4BC0-BF84-7A9A9608B920}.Release|ARM.ActiveCfg = Release|Any CPU
		{D0841F63-FE98-4BC0-BF84-7A9A9608B920}.Release|ARM.Build.0 = Release|Any CPU
		{D0841F63-FE98-4BC0-BF84-7A9A9608B920}.Release|ARM64.ActiveCfg = Release|Any CPU
		{D0841F63-FE98-4BC0-BF84-7A9A9608B920}.Release|ARM64.Build.0 = Release|Any CPU
		{D0841F63-FE98-4BC0-BF84-7A9A9608B920}.Release|iPhone.ActiveCfg = Release|Any CPU
		{D0841F63-FE98-4BC0-BF84-7A9A9608B920}.Release|iPhone.Build.0 = Release|Any CPU
		{D0841F63-FE98-4BC0-BF84-7A9A9608B920}.Release|iPhoneSimulator.ActiveCfg = Release|Any CPU
		{D0841F63-FE98-4BC0-BF84-7A9A9608B920}.Release|iPhoneSimulator.Build.0 = Release|Any CPU
		{D0841F63-FE98-4BC0-BF84-7A9A9608B920}.Release|Mixed Platforms.ActiveCfg = Release|Any CPU
		{D0841F63-FE98-4BC0-BF84-7A9A9608B920}.Release|Mixed Platforms.Build.0 = Release|Any CPU
		{D0841F63-FE98-4BC0-BF84-7A9A9608B920}.Release|x64.ActiveCfg = Release|Any CPU
		{D0841F63-FE98-4BC0-BF84-7A9A9608B920}.Release|x64.Build.0 = Release|Any CPU
		{D0841F63-FE98-4BC0-BF84-7A9A9608B920}.Release|x86.ActiveCfg = Release|Any CPU
		{D0841F63-FE98-4BC0-BF84-7A9A9608B920}.Release|x86.Build.0 = Release|Any CPU
		{38401BFE-45C6-4E67-BA29-12F8DD0C483E}.Debug|Any CPU.ActiveCfg = Debug|Any CPU
		{38401BFE-45C6-4E67-BA29-12F8DD0C483E}.Debug|Any CPU.Build.0 = Debug|Any CPU
		{38401BFE-45C6-4E67-BA29-12F8DD0C483E}.Debug|ARM.ActiveCfg = Debug|Any CPU
		{38401BFE-45C6-4E67-BA29-12F8DD0C483E}.Debug|ARM.Build.0 = Debug|Any CPU
		{38401BFE-45C6-4E67-BA29-12F8DD0C483E}.Debug|ARM64.ActiveCfg = Debug|Any CPU
		{38401BFE-45C6-4E67-BA29-12F8DD0C483E}.Debug|ARM64.Build.0 = Debug|Any CPU
		{38401BFE-45C6-4E67-BA29-12F8DD0C483E}.Debug|iPhone.ActiveCfg = Debug|Any CPU
		{38401BFE-45C6-4E67-BA29-12F8DD0C483E}.Debug|iPhone.Build.0 = Debug|Any CPU
		{38401BFE-45C6-4E67-BA29-12F8DD0C483E}.Debug|iPhoneSimulator.ActiveCfg = Debug|Any CPU
		{38401BFE-45C6-4E67-BA29-12F8DD0C483E}.Debug|iPhoneSimulator.Build.0 = Debug|Any CPU
		{38401BFE-45C6-4E67-BA29-12F8DD0C483E}.Debug|Mixed Platforms.ActiveCfg = Debug|Any CPU
		{38401BFE-45C6-4E67-BA29-12F8DD0C483E}.Debug|Mixed Platforms.Build.0 = Debug|Any CPU
		{38401BFE-45C6-4E67-BA29-12F8DD0C483E}.Debug|x64.ActiveCfg = Debug|Any CPU
		{38401BFE-45C6-4E67-BA29-12F8DD0C483E}.Debug|x64.Build.0 = Debug|Any CPU
		{38401BFE-45C6-4E67-BA29-12F8DD0C483E}.Debug|x86.ActiveCfg = Debug|Any CPU
		{38401BFE-45C6-4E67-BA29-12F8DD0C483E}.Debug|x86.Build.0 = Debug|Any CPU
		{38401BFE-45C6-4E67-BA29-12F8DD0C483E}.Release|Any CPU.ActiveCfg = Release|Any CPU
		{38401BFE-45C6-4E67-BA29-12F8DD0C483E}.Release|Any CPU.Build.0 = Release|Any CPU
		{38401BFE-45C6-4E67-BA29-12F8DD0C483E}.Release|ARM.ActiveCfg = Release|Any CPU
		{38401BFE-45C6-4E67-BA29-12F8DD0C483E}.Release|ARM.Build.0 = Release|Any CPU
		{38401BFE-45C6-4E67-BA29-12F8DD0C483E}.Release|ARM64.ActiveCfg = Release|Any CPU
		{38401BFE-45C6-4E67-BA29-12F8DD0C483E}.Release|ARM64.Build.0 = Release|Any CPU
		{38401BFE-45C6-4E67-BA29-12F8DD0C483E}.Release|iPhone.ActiveCfg = Release|Any CPU
		{38401BFE-45C6-4E67-BA29-12F8DD0C483E}.Release|iPhone.Build.0 = Release|Any CPU
		{38401BFE-45C6-4E67-BA29-12F8DD0C483E}.Release|iPhoneSimulator.ActiveCfg = Release|Any CPU
		{38401BFE-45C6-4E67-BA29-12F8DD0C483E}.Release|iPhoneSimulator.Build.0 = Release|Any CPU
		{38401BFE-45C6-4E67-BA29-12F8DD0C483E}.Release|Mixed Platforms.ActiveCfg = Release|Any CPU
		{38401BFE-45C6-4E67-BA29-12F8DD0C483E}.Release|Mixed Platforms.Build.0 = Release|Any CPU
		{38401BFE-45C6-4E67-BA29-12F8DD0C483E}.Release|x64.ActiveCfg = Release|Any CPU
		{38401BFE-45C6-4E67-BA29-12F8DD0C483E}.Release|x64.Build.0 = Release|Any CPU
		{38401BFE-45C6-4E67-BA29-12F8DD0C483E}.Release|x86.ActiveCfg = Release|Any CPU
		{38401BFE-45C6-4E67-BA29-12F8DD0C483E}.Release|x86.Build.0 = Release|Any CPU
		{C2F49505-452B-4856-B8A0-C504DF10CDF2}.Debug|Any CPU.ActiveCfg = Debug|Any CPU
		{C2F49505-452B-4856-B8A0-C504DF10CDF2}.Debug|Any CPU.Build.0 = Debug|Any CPU
		{C2F49505-452B-4856-B8A0-C504DF10CDF2}.Debug|ARM.ActiveCfg = Debug|Any CPU
		{C2F49505-452B-4856-B8A0-C504DF10CDF2}.Debug|ARM.Build.0 = Debug|Any CPU
		{C2F49505-452B-4856-B8A0-C504DF10CDF2}.Debug|ARM64.ActiveCfg = Debug|Any CPU
		{C2F49505-452B-4856-B8A0-C504DF10CDF2}.Debug|ARM64.Build.0 = Debug|Any CPU
		{C2F49505-452B-4856-B8A0-C504DF10CDF2}.Debug|iPhone.ActiveCfg = Debug|Any CPU
		{C2F49505-452B-4856-B8A0-C504DF10CDF2}.Debug|iPhone.Build.0 = Debug|Any CPU
		{C2F49505-452B-4856-B8A0-C504DF10CDF2}.Debug|iPhoneSimulator.ActiveCfg = Debug|Any CPU
		{C2F49505-452B-4856-B8A0-C504DF10CDF2}.Debug|iPhoneSimulator.Build.0 = Debug|Any CPU
		{C2F49505-452B-4856-B8A0-C504DF10CDF2}.Debug|Mixed Platforms.ActiveCfg = Debug|Any CPU
		{C2F49505-452B-4856-B8A0-C504DF10CDF2}.Debug|Mixed Platforms.Build.0 = Debug|Any CPU
		{C2F49505-452B-4856-B8A0-C504DF10CDF2}.Debug|x64.ActiveCfg = Debug|Any CPU
		{C2F49505-452B-4856-B8A0-C504DF10CDF2}.Debug|x64.Build.0 = Debug|Any CPU
		{C2F49505-452B-4856-B8A0-C504DF10CDF2}.Debug|x86.ActiveCfg = Debug|Any CPU
		{C2F49505-452B-4856-B8A0-C504DF10CDF2}.Debug|x86.Build.0 = Debug|Any CPU
		{C2F49505-452B-4856-B8A0-C504DF10CDF2}.Release|Any CPU.ActiveCfg = Release|Any CPU
		{C2F49505-452B-4856-B8A0-C504DF10CDF2}.Release|Any CPU.Build.0 = Release|Any CPU
		{C2F49505-452B-4856-B8A0-C504DF10CDF2}.Release|ARM.ActiveCfg = Release|Any CPU
		{C2F49505-452B-4856-B8A0-C504DF10CDF2}.Release|ARM.Build.0 = Release|Any CPU
		{C2F49505-452B-4856-B8A0-C504DF10CDF2}.Release|ARM64.ActiveCfg = Release|Any CPU
		{C2F49505-452B-4856-B8A0-C504DF10CDF2}.Release|ARM64.Build.0 = Release|Any CPU
		{C2F49505-452B-4856-B8A0-C504DF10CDF2}.Release|iPhone.ActiveCfg = Release|Any CPU
		{C2F49505-452B-4856-B8A0-C504DF10CDF2}.Release|iPhone.Build.0 = Release|Any CPU
		{C2F49505-452B-4856-B8A0-C504DF10CDF2}.Release|iPhoneSimulator.ActiveCfg = Release|Any CPU
		{C2F49505-452B-4856-B8A0-C504DF10CDF2}.Release|iPhoneSimulator.Build.0 = Release|Any CPU
		{C2F49505-452B-4856-B8A0-C504DF10CDF2}.Release|Mixed Platforms.ActiveCfg = Release|Any CPU
		{C2F49505-452B-4856-B8A0-C504DF10CDF2}.Release|Mixed Platforms.Build.0 = Release|Any CPU
		{C2F49505-452B-4856-B8A0-C504DF10CDF2}.Release|x64.ActiveCfg = Release|Any CPU
		{C2F49505-452B-4856-B8A0-C504DF10CDF2}.Release|x64.Build.0 = Release|Any CPU
		{C2F49505-452B-4856-B8A0-C504DF10CDF2}.Release|x86.ActiveCfg = Release|Any CPU
		{C2F49505-452B-4856-B8A0-C504DF10CDF2}.Release|x86.Build.0 = Release|Any CPU
		{AB348520-ACDB-40DC-88B3-4795CB4C7424}.Debug|Any CPU.ActiveCfg = Debug|Any CPU
		{AB348520-ACDB-40DC-88B3-4795CB4C7424}.Debug|Any CPU.Build.0 = Debug|Any CPU
		{AB348520-ACDB-40DC-88B3-4795CB4C7424}.Debug|ARM.ActiveCfg = Debug|Any CPU
		{AB348520-ACDB-40DC-88B3-4795CB4C7424}.Debug|ARM.Build.0 = Debug|Any CPU
		{AB348520-ACDB-40DC-88B3-4795CB4C7424}.Debug|ARM64.ActiveCfg = Debug|Any CPU
		{AB348520-ACDB-40DC-88B3-4795CB4C7424}.Debug|ARM64.Build.0 = Debug|Any CPU
		{AB348520-ACDB-40DC-88B3-4795CB4C7424}.Debug|iPhone.ActiveCfg = Debug|Any CPU
		{AB348520-ACDB-40DC-88B3-4795CB4C7424}.Debug|iPhone.Build.0 = Debug|Any CPU
		{AB348520-ACDB-40DC-88B3-4795CB4C7424}.Debug|iPhoneSimulator.ActiveCfg = Debug|Any CPU
		{AB348520-ACDB-40DC-88B3-4795CB4C7424}.Debug|iPhoneSimulator.Build.0 = Debug|Any CPU
		{AB348520-ACDB-40DC-88B3-4795CB4C7424}.Debug|Mixed Platforms.ActiveCfg = Debug|Any CPU
		{AB348520-ACDB-40DC-88B3-4795CB4C7424}.Debug|Mixed Platforms.Build.0 = Debug|Any CPU
		{AB348520-ACDB-40DC-88B3-4795CB4C7424}.Debug|x64.ActiveCfg = Debug|Any CPU
		{AB348520-ACDB-40DC-88B3-4795CB4C7424}.Debug|x64.Build.0 = Debug|Any CPU
		{AB348520-ACDB-40DC-88B3-4795CB4C7424}.Debug|x86.ActiveCfg = Debug|Any CPU
		{AB348520-ACDB-40DC-88B3-4795CB4C7424}.Debug|x86.Build.0 = Debug|Any CPU
		{AB348520-ACDB-40DC-88B3-4795CB4C7424}.Release|Any CPU.ActiveCfg = Release|Any CPU
		{AB348520-ACDB-40DC-88B3-4795CB4C7424}.Release|Any CPU.Build.0 = Release|Any CPU
		{AB348520-ACDB-40DC-88B3-4795CB4C7424}.Release|ARM.ActiveCfg = Release|Any CPU
		{AB348520-ACDB-40DC-88B3-4795CB4C7424}.Release|ARM.Build.0 = Release|Any CPU
		{AB348520-ACDB-40DC-88B3-4795CB4C7424}.Release|ARM64.ActiveCfg = Release|Any CPU
		{AB348520-ACDB-40DC-88B3-4795CB4C7424}.Release|ARM64.Build.0 = Release|Any CPU
		{AB348520-ACDB-40DC-88B3-4795CB4C7424}.Release|iPhone.ActiveCfg = Release|Any CPU
		{AB348520-ACDB-40DC-88B3-4795CB4C7424}.Release|iPhone.Build.0 = Release|Any CPU
		{AB348520-ACDB-40DC-88B3-4795CB4C7424}.Release|iPhoneSimulator.ActiveCfg = Release|Any CPU
		{AB348520-ACDB-40DC-88B3-4795CB4C7424}.Release|iPhoneSimulator.Build.0 = Release|Any CPU
		{AB348520-ACDB-40DC-88B3-4795CB4C7424}.Release|Mixed Platforms.ActiveCfg = Release|Any CPU
		{AB348520-ACDB-40DC-88B3-4795CB4C7424}.Release|Mixed Platforms.Build.0 = Release|Any CPU
		{AB348520-ACDB-40DC-88B3-4795CB4C7424}.Release|x64.ActiveCfg = Release|Any CPU
		{AB348520-ACDB-40DC-88B3-4795CB4C7424}.Release|x64.Build.0 = Release|Any CPU
		{AB348520-ACDB-40DC-88B3-4795CB4C7424}.Release|x86.ActiveCfg = Release|Any CPU
		{AB348520-ACDB-40DC-88B3-4795CB4C7424}.Release|x86.Build.0 = Release|Any CPU
		{A380D0FD-D121-4C02-B42F-FB67A00BB68A}.Debug|Any CPU.ActiveCfg = Debug|Any CPU
		{A380D0FD-D121-4C02-B42F-FB67A00BB68A}.Debug|Any CPU.Build.0 = Debug|Any CPU
		{A380D0FD-D121-4C02-B42F-FB67A00BB68A}.Debug|ARM.ActiveCfg = Debug|Any CPU
		{A380D0FD-D121-4C02-B42F-FB67A00BB68A}.Debug|ARM.Build.0 = Debug|Any CPU
		{A380D0FD-D121-4C02-B42F-FB67A00BB68A}.Debug|ARM64.ActiveCfg = Debug|Any CPU
		{A380D0FD-D121-4C02-B42F-FB67A00BB68A}.Debug|ARM64.Build.0 = Debug|Any CPU
		{A380D0FD-D121-4C02-B42F-FB67A00BB68A}.Debug|iPhone.ActiveCfg = Debug|Any CPU
		{A380D0FD-D121-4C02-B42F-FB67A00BB68A}.Debug|iPhone.Build.0 = Debug|Any CPU
		{A380D0FD-D121-4C02-B42F-FB67A00BB68A}.Debug|iPhoneSimulator.ActiveCfg = Debug|Any CPU
		{A380D0FD-D121-4C02-B42F-FB67A00BB68A}.Debug|iPhoneSimulator.Build.0 = Debug|Any CPU
		{A380D0FD-D121-4C02-B42F-FB67A00BB68A}.Debug|Mixed Platforms.ActiveCfg = Debug|Any CPU
		{A380D0FD-D121-4C02-B42F-FB67A00BB68A}.Debug|Mixed Platforms.Build.0 = Debug|Any CPU
		{A380D0FD-D121-4C02-B42F-FB67A00BB68A}.Debug|x64.ActiveCfg = Debug|Any CPU
		{A380D0FD-D121-4C02-B42F-FB67A00BB68A}.Debug|x64.Build.0 = Debug|Any CPU
		{A380D0FD-D121-4C02-B42F-FB67A00BB68A}.Debug|x86.ActiveCfg = Debug|Any CPU
		{A380D0FD-D121-4C02-B42F-FB67A00BB68A}.Debug|x86.Build.0 = Debug|Any CPU
		{A380D0FD-D121-4C02-B42F-FB67A00BB68A}.Release|Any CPU.ActiveCfg = Release|Any CPU
		{A380D0FD-D121-4C02-B42F-FB67A00BB68A}.Release|Any CPU.Build.0 = Release|Any CPU
		{A380D0FD-D121-4C02-B42F-FB67A00BB68A}.Release|ARM.ActiveCfg = Release|Any CPU
		{A380D0FD-D121-4C02-B42F-FB67A00BB68A}.Release|ARM.Build.0 = Release|Any CPU
		{A380D0FD-D121-4C02-B42F-FB67A00BB68A}.Release|ARM64.ActiveCfg = Release|Any CPU
		{A380D0FD-D121-4C02-B42F-FB67A00BB68A}.Release|ARM64.Build.0 = Release|Any CPU
		{A380D0FD-D121-4C02-B42F-FB67A00BB68A}.Release|iPhone.ActiveCfg = Release|Any CPU
		{A380D0FD-D121-4C02-B42F-FB67A00BB68A}.Release|iPhone.Build.0 = Release|Any CPU
		{A380D0FD-D121-4C02-B42F-FB67A00BB68A}.Release|iPhoneSimulator.ActiveCfg = Release|Any CPU
		{A380D0FD-D121-4C02-B42F-FB67A00BB68A}.Release|iPhoneSimulator.Build.0 = Release|Any CPU
		{A380D0FD-D121-4C02-B42F-FB67A00BB68A}.Release|Mixed Platforms.ActiveCfg = Release|Any CPU
		{A380D0FD-D121-4C02-B42F-FB67A00BB68A}.Release|Mixed Platforms.Build.0 = Release|Any CPU
		{A380D0FD-D121-4C02-B42F-FB67A00BB68A}.Release|x64.ActiveCfg = Release|Any CPU
		{A380D0FD-D121-4C02-B42F-FB67A00BB68A}.Release|x64.Build.0 = Release|Any CPU
		{A380D0FD-D121-4C02-B42F-FB67A00BB68A}.Release|x86.ActiveCfg = Release|Any CPU
		{A380D0FD-D121-4C02-B42F-FB67A00BB68A}.Release|x86.Build.0 = Release|Any CPU
		{D6ACCAF1-147E-4EF9-9F0A-B87D6E68D564}.Debug|Any CPU.ActiveCfg = Debug|Any CPU
		{D6ACCAF1-147E-4EF9-9F0A-B87D6E68D564}.Debug|Any CPU.Build.0 = Debug|Any CPU
		{D6ACCAF1-147E-4EF9-9F0A-B87D6E68D564}.Debug|ARM.ActiveCfg = Debug|Any CPU
		{D6ACCAF1-147E-4EF9-9F0A-B87D6E68D564}.Debug|ARM.Build.0 = Debug|Any CPU
		{D6ACCAF1-147E-4EF9-9F0A-B87D6E68D564}.Debug|ARM64.ActiveCfg = Debug|Any CPU
		{D6ACCAF1-147E-4EF9-9F0A-B87D6E68D564}.Debug|ARM64.Build.0 = Debug|Any CPU
		{D6ACCAF1-147E-4EF9-9F0A-B87D6E68D564}.Debug|iPhone.ActiveCfg = Debug|Any CPU
		{D6ACCAF1-147E-4EF9-9F0A-B87D6E68D564}.Debug|iPhone.Build.0 = Debug|Any CPU
		{D6ACCAF1-147E-4EF9-9F0A-B87D6E68D564}.Debug|iPhoneSimulator.ActiveCfg = Debug|Any CPU
		{D6ACCAF1-147E-4EF9-9F0A-B87D6E68D564}.Debug|iPhoneSimulator.Build.0 = Debug|Any CPU
		{D6ACCAF1-147E-4EF9-9F0A-B87D6E68D564}.Debug|Mixed Platforms.ActiveCfg = Debug|Any CPU
		{D6ACCAF1-147E-4EF9-9F0A-B87D6E68D564}.Debug|Mixed Platforms.Build.0 = Debug|Any CPU
		{D6ACCAF1-147E-4EF9-9F0A-B87D6E68D564}.Debug|x64.ActiveCfg = Debug|Any CPU
		{D6ACCAF1-147E-4EF9-9F0A-B87D6E68D564}.Debug|x64.Build.0 = Debug|Any CPU
		{D6ACCAF1-147E-4EF9-9F0A-B87D6E68D564}.Debug|x86.ActiveCfg = Debug|Any CPU
		{D6ACCAF1-147E-4EF9-9F0A-B87D6E68D564}.Debug|x86.Build.0 = Debug|Any CPU
		{D6ACCAF1-147E-4EF9-9F0A-B87D6E68D564}.Release|Any CPU.ActiveCfg = Release|Any CPU
		{D6ACCAF1-147E-4EF9-9F0A-B87D6E68D564}.Release|Any CPU.Build.0 = Release|Any CPU
		{D6ACCAF1-147E-4EF9-9F0A-B87D6E68D564}.Release|ARM.ActiveCfg = Release|Any CPU
		{D6ACCAF1-147E-4EF9-9F0A-B87D6E68D564}.Release|ARM.Build.0 = Release|Any CPU
		{D6ACCAF1-147E-4EF9-9F0A-B87D6E68D564}.Release|ARM64.ActiveCfg = Release|Any CPU
		{D6ACCAF1-147E-4EF9-9F0A-B87D6E68D564}.Release|ARM64.Build.0 = Release|Any CPU
		{D6ACCAF1-147E-4EF9-9F0A-B87D6E68D564}.Release|iPhone.ActiveCfg = Release|Any CPU
		{D6ACCAF1-147E-4EF9-9F0A-B87D6E68D564}.Release|iPhone.Build.0 = Release|Any CPU
		{D6ACCAF1-147E-4EF9-9F0A-B87D6E68D564}.Release|iPhoneSimulator.ActiveCfg = Release|Any CPU
		{D6ACCAF1-147E-4EF9-9F0A-B87D6E68D564}.Release|iPhoneSimulator.Build.0 = Release|Any CPU
		{D6ACCAF1-147E-4EF9-9F0A-B87D6E68D564}.Release|Mixed Platforms.ActiveCfg = Release|Any CPU
		{D6ACCAF1-147E-4EF9-9F0A-B87D6E68D564}.Release|Mixed Platforms.Build.0 = Release|Any CPU
		{D6ACCAF1-147E-4EF9-9F0A-B87D6E68D564}.Release|x64.ActiveCfg = Release|Any CPU
		{D6ACCAF1-147E-4EF9-9F0A-B87D6E68D564}.Release|x64.Build.0 = Release|Any CPU
		{D6ACCAF1-147E-4EF9-9F0A-B87D6E68D564}.Release|x86.ActiveCfg = Release|Any CPU
		{D6ACCAF1-147E-4EF9-9F0A-B87D6E68D564}.Release|x86.Build.0 = Release|Any CPU
		{83A7B808-C53E-473A-8AB2-19D2F842B805}.Debug|Any CPU.ActiveCfg = Debug|Any CPU
		{83A7B808-C53E-473A-8AB2-19D2F842B805}.Debug|Any CPU.Build.0 = Debug|Any CPU
		{83A7B808-C53E-473A-8AB2-19D2F842B805}.Debug|ARM.ActiveCfg = Debug|Any CPU
		{83A7B808-C53E-473A-8AB2-19D2F842B805}.Debug|ARM.Build.0 = Debug|Any CPU
		{83A7B808-C53E-473A-8AB2-19D2F842B805}.Debug|ARM64.ActiveCfg = Debug|Any CPU
		{83A7B808-C53E-473A-8AB2-19D2F842B805}.Debug|ARM64.Build.0 = Debug|Any CPU
		{83A7B808-C53E-473A-8AB2-19D2F842B805}.Debug|iPhone.ActiveCfg = Debug|Any CPU
		{83A7B808-C53E-473A-8AB2-19D2F842B805}.Debug|iPhone.Build.0 = Debug|Any CPU
		{83A7B808-C53E-473A-8AB2-19D2F842B805}.Debug|iPhoneSimulator.ActiveCfg = Debug|Any CPU
		{83A7B808-C53E-473A-8AB2-19D2F842B805}.Debug|iPhoneSimulator.Build.0 = Debug|Any CPU
		{83A7B808-C53E-473A-8AB2-19D2F842B805}.Debug|Mixed Platforms.ActiveCfg = Debug|Any CPU
		{83A7B808-C53E-473A-8AB2-19D2F842B805}.Debug|Mixed Platforms.Build.0 = Debug|Any CPU
		{83A7B808-C53E-473A-8AB2-19D2F842B805}.Debug|x64.ActiveCfg = Debug|Any CPU
		{83A7B808-C53E-473A-8AB2-19D2F842B805}.Debug|x64.Build.0 = Debug|Any CPU
		{83A7B808-C53E-473A-8AB2-19D2F842B805}.Debug|x86.ActiveCfg = Debug|Any CPU
		{83A7B808-C53E-473A-8AB2-19D2F842B805}.Debug|x86.Build.0 = Debug|Any CPU
		{83A7B808-C53E-473A-8AB2-19D2F842B805}.Release|Any CPU.ActiveCfg = Release|Any CPU
		{83A7B808-C53E-473A-8AB2-19D2F842B805}.Release|Any CPU.Build.0 = Release|Any CPU
		{83A7B808-C53E-473A-8AB2-19D2F842B805}.Release|ARM.ActiveCfg = Release|Any CPU
		{83A7B808-C53E-473A-8AB2-19D2F842B805}.Release|ARM.Build.0 = Release|Any CPU
		{83A7B808-C53E-473A-8AB2-19D2F842B805}.Release|ARM64.ActiveCfg = Release|Any CPU
		{83A7B808-C53E-473A-8AB2-19D2F842B805}.Release|ARM64.Build.0 = Release|Any CPU
		{83A7B808-C53E-473A-8AB2-19D2F842B805}.Release|iPhone.ActiveCfg = Release|Any CPU
		{83A7B808-C53E-473A-8AB2-19D2F842B805}.Release|iPhone.Build.0 = Release|Any CPU
		{83A7B808-C53E-473A-8AB2-19D2F842B805}.Release|iPhoneSimulator.ActiveCfg = Release|Any CPU
		{83A7B808-C53E-473A-8AB2-19D2F842B805}.Release|iPhoneSimulator.Build.0 = Release|Any CPU
		{83A7B808-C53E-473A-8AB2-19D2F842B805}.Release|Mixed Platforms.ActiveCfg = Release|Any CPU
		{83A7B808-C53E-473A-8AB2-19D2F842B805}.Release|Mixed Platforms.Build.0 = Release|Any CPU
		{83A7B808-C53E-473A-8AB2-19D2F842B805}.Release|x64.ActiveCfg = Release|Any CPU
		{83A7B808-C53E-473A-8AB2-19D2F842B805}.Release|x64.Build.0 = Release|Any CPU
		{83A7B808-C53E-473A-8AB2-19D2F842B805}.Release|x86.ActiveCfg = Release|Any CPU
		{83A7B808-C53E-473A-8AB2-19D2F842B805}.Release|x86.Build.0 = Release|Any CPU
		{8AB5A06A-2B87-4EF0-AAB5-AFDA31A53B22}.Debug|Any CPU.ActiveCfg = Debug|Any CPU
		{8AB5A06A-2B87-4EF0-AAB5-AFDA31A53B22}.Debug|Any CPU.Build.0 = Debug|Any CPU
		{8AB5A06A-2B87-4EF0-AAB5-AFDA31A53B22}.Debug|ARM.ActiveCfg = Debug|Any CPU
		{8AB5A06A-2B87-4EF0-AAB5-AFDA31A53B22}.Debug|ARM.Build.0 = Debug|Any CPU
		{8AB5A06A-2B87-4EF0-AAB5-AFDA31A53B22}.Debug|ARM64.ActiveCfg = Debug|Any CPU
		{8AB5A06A-2B87-4EF0-AAB5-AFDA31A53B22}.Debug|ARM64.Build.0 = Debug|Any CPU
		{8AB5A06A-2B87-4EF0-AAB5-AFDA31A53B22}.Debug|iPhone.ActiveCfg = Debug|Any CPU
		{8AB5A06A-2B87-4EF0-AAB5-AFDA31A53B22}.Debug|iPhone.Build.0 = Debug|Any CPU
		{8AB5A06A-2B87-4EF0-AAB5-AFDA31A53B22}.Debug|iPhoneSimulator.ActiveCfg = Debug|Any CPU
		{8AB5A06A-2B87-4EF0-AAB5-AFDA31A53B22}.Debug|iPhoneSimulator.Build.0 = Debug|Any CPU
		{8AB5A06A-2B87-4EF0-AAB5-AFDA31A53B22}.Debug|Mixed Platforms.ActiveCfg = Debug|Any CPU
		{8AB5A06A-2B87-4EF0-AAB5-AFDA31A53B22}.Debug|Mixed Platforms.Build.0 = Debug|Any CPU
		{8AB5A06A-2B87-4EF0-AAB5-AFDA31A53B22}.Debug|x64.ActiveCfg = Debug|Any CPU
		{8AB5A06A-2B87-4EF0-AAB5-AFDA31A53B22}.Debug|x64.Build.0 = Debug|Any CPU
		{8AB5A06A-2B87-4EF0-AAB5-AFDA31A53B22}.Debug|x86.ActiveCfg = Debug|Any CPU
		{8AB5A06A-2B87-4EF0-AAB5-AFDA31A53B22}.Debug|x86.Build.0 = Debug|Any CPU
		{8AB5A06A-2B87-4EF0-AAB5-AFDA31A53B22}.Release|Any CPU.ActiveCfg = Release|Any CPU
		{8AB5A06A-2B87-4EF0-AAB5-AFDA31A53B22}.Release|Any CPU.Build.0 = Release|Any CPU
		{8AB5A06A-2B87-4EF0-AAB5-AFDA31A53B22}.Release|ARM.ActiveCfg = Release|Any CPU
		{8AB5A06A-2B87-4EF0-AAB5-AFDA31A53B22}.Release|ARM.Build.0 = Release|Any CPU
		{8AB5A06A-2B87-4EF0-AAB5-AFDA31A53B22}.Release|ARM64.ActiveCfg = Release|Any CPU
		{8AB5A06A-2B87-4EF0-AAB5-AFDA31A53B22}.Release|ARM64.Build.0 = Release|Any CPU
		{8AB5A06A-2B87-4EF0-AAB5-AFDA31A53B22}.Release|iPhone.ActiveCfg = Release|Any CPU
		{8AB5A06A-2B87-4EF0-AAB5-AFDA31A53B22}.Release|iPhone.Build.0 = Release|Any CPU
		{8AB5A06A-2B87-4EF0-AAB5-AFDA31A53B22}.Release|iPhoneSimulator.ActiveCfg = Release|Any CPU
		{8AB5A06A-2B87-4EF0-AAB5-AFDA31A53B22}.Release|iPhoneSimulator.Build.0 = Release|Any CPU
		{8AB5A06A-2B87-4EF0-AAB5-AFDA31A53B22}.Release|Mixed Platforms.ActiveCfg = Release|Any CPU
		{8AB5A06A-2B87-4EF0-AAB5-AFDA31A53B22}.Release|Mixed Platforms.Build.0 = Release|Any CPU
		{8AB5A06A-2B87-4EF0-AAB5-AFDA31A53B22}.Release|x64.ActiveCfg = Release|Any CPU
		{8AB5A06A-2B87-4EF0-AAB5-AFDA31A53B22}.Release|x64.Build.0 = Release|Any CPU
		{8AB5A06A-2B87-4EF0-AAB5-AFDA31A53B22}.Release|x86.ActiveCfg = Release|Any CPU
		{8AB5A06A-2B87-4EF0-AAB5-AFDA31A53B22}.Release|x86.Build.0 = Release|Any CPU
		{D6AB48F7-36E9-4CE3-8850-1CA00A508141}.Debug|Any CPU.ActiveCfg = Debug|Any CPU
		{D6AB48F7-36E9-4CE3-8850-1CA00A508141}.Debug|Any CPU.Build.0 = Debug|Any CPU
		{D6AB48F7-36E9-4CE3-8850-1CA00A508141}.Debug|ARM.ActiveCfg = Debug|Any CPU
		{D6AB48F7-36E9-4CE3-8850-1CA00A508141}.Debug|ARM.Build.0 = Debug|Any CPU
		{D6AB48F7-36E9-4CE3-8850-1CA00A508141}.Debug|ARM64.ActiveCfg = Debug|Any CPU
		{D6AB48F7-36E9-4CE3-8850-1CA00A508141}.Debug|ARM64.Build.0 = Debug|Any CPU
		{D6AB48F7-36E9-4CE3-8850-1CA00A508141}.Debug|iPhone.ActiveCfg = Debug|Any CPU
		{D6AB48F7-36E9-4CE3-8850-1CA00A508141}.Debug|iPhone.Build.0 = Debug|Any CPU
		{D6AB48F7-36E9-4CE3-8850-1CA00A508141}.Debug|iPhoneSimulator.ActiveCfg = Debug|Any CPU
		{D6AB48F7-36E9-4CE3-8850-1CA00A508141}.Debug|iPhoneSimulator.Build.0 = Debug|Any CPU
		{D6AB48F7-36E9-4CE3-8850-1CA00A508141}.Debug|Mixed Platforms.ActiveCfg = Debug|Any CPU
		{D6AB48F7-36E9-4CE3-8850-1CA00A508141}.Debug|Mixed Platforms.Build.0 = Debug|Any CPU
		{D6AB48F7-36E9-4CE3-8850-1CA00A508141}.Debug|x64.ActiveCfg = Debug|Any CPU
		{D6AB48F7-36E9-4CE3-8850-1CA00A508141}.Debug|x64.Build.0 = Debug|Any CPU
		{D6AB48F7-36E9-4CE3-8850-1CA00A508141}.Debug|x86.ActiveCfg = Debug|Any CPU
		{D6AB48F7-36E9-4CE3-8850-1CA00A508141}.Debug|x86.Build.0 = Debug|Any CPU
		{D6AB48F7-36E9-4CE3-8850-1CA00A508141}.Release|Any CPU.ActiveCfg = Release|Any CPU
		{D6AB48F7-36E9-4CE3-8850-1CA00A508141}.Release|Any CPU.Build.0 = Release|Any CPU
		{D6AB48F7-36E9-4CE3-8850-1CA00A508141}.Release|ARM.ActiveCfg = Release|Any CPU
		{D6AB48F7-36E9-4CE3-8850-1CA00A508141}.Release|ARM.Build.0 = Release|Any CPU
		{D6AB48F7-36E9-4CE3-8850-1CA00A508141}.Release|ARM64.ActiveCfg = Release|Any CPU
		{D6AB48F7-36E9-4CE3-8850-1CA00A508141}.Release|ARM64.Build.0 = Release|Any CPU
		{D6AB48F7-36E9-4CE3-8850-1CA00A508141}.Release|iPhone.ActiveCfg = Release|Any CPU
		{D6AB48F7-36E9-4CE3-8850-1CA00A508141}.Release|iPhone.Build.0 = Release|Any CPU
		{D6AB48F7-36E9-4CE3-8850-1CA00A508141}.Release|iPhoneSimulator.ActiveCfg = Release|Any CPU
		{D6AB48F7-36E9-4CE3-8850-1CA00A508141}.Release|iPhoneSimulator.Build.0 = Release|Any CPU
		{D6AB48F7-36E9-4CE3-8850-1CA00A508141}.Release|Mixed Platforms.ActiveCfg = Release|Any CPU
		{D6AB48F7-36E9-4CE3-8850-1CA00A508141}.Release|Mixed Platforms.Build.0 = Release|Any CPU
		{D6AB48F7-36E9-4CE3-8850-1CA00A508141}.Release|x64.ActiveCfg = Release|Any CPU
		{D6AB48F7-36E9-4CE3-8850-1CA00A508141}.Release|x64.Build.0 = Release|Any CPU
		{D6AB48F7-36E9-4CE3-8850-1CA00A508141}.Release|x86.ActiveCfg = Release|Any CPU
		{D6AB48F7-36E9-4CE3-8850-1CA00A508141}.Release|x86.Build.0 = Release|Any CPU
		{66309F27-9C40-420C-8A6D-8DB2CC8514DA}.Debug|Any CPU.ActiveCfg = Debug|Any CPU
		{66309F27-9C40-420C-8A6D-8DB2CC8514DA}.Debug|Any CPU.Build.0 = Debug|Any CPU
		{66309F27-9C40-420C-8A6D-8DB2CC8514DA}.Debug|ARM.ActiveCfg = Debug|Any CPU
		{66309F27-9C40-420C-8A6D-8DB2CC8514DA}.Debug|ARM.Build.0 = Debug|Any CPU
		{66309F27-9C40-420C-8A6D-8DB2CC8514DA}.Debug|ARM64.ActiveCfg = Debug|Any CPU
		{66309F27-9C40-420C-8A6D-8DB2CC8514DA}.Debug|ARM64.Build.0 = Debug|Any CPU
		{66309F27-9C40-420C-8A6D-8DB2CC8514DA}.Debug|iPhone.ActiveCfg = Debug|Any CPU
		{66309F27-9C40-420C-8A6D-8DB2CC8514DA}.Debug|iPhone.Build.0 = Debug|Any CPU
		{66309F27-9C40-420C-8A6D-8DB2CC8514DA}.Debug|iPhoneSimulator.ActiveCfg = Debug|Any CPU
		{66309F27-9C40-420C-8A6D-8DB2CC8514DA}.Debug|iPhoneSimulator.Build.0 = Debug|Any CPU
		{66309F27-9C40-420C-8A6D-8DB2CC8514DA}.Debug|Mixed Platforms.ActiveCfg = Debug|Any CPU
		{66309F27-9C40-420C-8A6D-8DB2CC8514DA}.Debug|Mixed Platforms.Build.0 = Debug|Any CPU
		{66309F27-9C40-420C-8A6D-8DB2CC8514DA}.Debug|x64.ActiveCfg = Debug|Any CPU
		{66309F27-9C40-420C-8A6D-8DB2CC8514DA}.Debug|x64.Build.0 = Debug|Any CPU
		{66309F27-9C40-420C-8A6D-8DB2CC8514DA}.Debug|x86.ActiveCfg = Debug|Any CPU
		{66309F27-9C40-420C-8A6D-8DB2CC8514DA}.Debug|x86.Build.0 = Debug|Any CPU
		{66309F27-9C40-420C-8A6D-8DB2CC8514DA}.Release|Any CPU.ActiveCfg = Release|Any CPU
		{66309F27-9C40-420C-8A6D-8DB2CC8514DA}.Release|Any CPU.Build.0 = Release|Any CPU
		{66309F27-9C40-420C-8A6D-8DB2CC8514DA}.Release|ARM.ActiveCfg = Release|Any CPU
		{66309F27-9C40-420C-8A6D-8DB2CC8514DA}.Release|ARM.Build.0 = Release|Any CPU
		{66309F27-9C40-420C-8A6D-8DB2CC8514DA}.Release|ARM64.ActiveCfg = Release|Any CPU
		{66309F27-9C40-420C-8A6D-8DB2CC8514DA}.Release|ARM64.Build.0 = Release|Any CPU
		{66309F27-9C40-420C-8A6D-8DB2CC8514DA}.Release|iPhone.ActiveCfg = Release|Any CPU
		{66309F27-9C40-420C-8A6D-8DB2CC8514DA}.Release|iPhone.Build.0 = Release|Any CPU
		{66309F27-9C40-420C-8A6D-8DB2CC8514DA}.Release|iPhoneSimulator.ActiveCfg = Release|Any CPU
		{66309F27-9C40-420C-8A6D-8DB2CC8514DA}.Release|iPhoneSimulator.Build.0 = Release|Any CPU
		{66309F27-9C40-420C-8A6D-8DB2CC8514DA}.Release|Mixed Platforms.ActiveCfg = Release|Any CPU
		{66309F27-9C40-420C-8A6D-8DB2CC8514DA}.Release|Mixed Platforms.Build.0 = Release|Any CPU
		{66309F27-9C40-420C-8A6D-8DB2CC8514DA}.Release|x64.ActiveCfg = Release|Any CPU
		{66309F27-9C40-420C-8A6D-8DB2CC8514DA}.Release|x64.Build.0 = Release|Any CPU
		{66309F27-9C40-420C-8A6D-8DB2CC8514DA}.Release|x86.ActiveCfg = Release|Any CPU
		{66309F27-9C40-420C-8A6D-8DB2CC8514DA}.Release|x86.Build.0 = Release|Any CPU
		{E414D032-3315-474B-85F0-122B62EFCF9C}.Debug|Any CPU.ActiveCfg = Debug|Any CPU
		{E414D032-3315-474B-85F0-122B62EFCF9C}.Debug|Any CPU.Build.0 = Debug|Any CPU
		{E414D032-3315-474B-85F0-122B62EFCF9C}.Debug|ARM.ActiveCfg = Debug|Any CPU
		{E414D032-3315-474B-85F0-122B62EFCF9C}.Debug|ARM.Build.0 = Debug|Any CPU
		{E414D032-3315-474B-85F0-122B62EFCF9C}.Debug|ARM64.ActiveCfg = Debug|Any CPU
		{E414D032-3315-474B-85F0-122B62EFCF9C}.Debug|ARM64.Build.0 = Debug|Any CPU
		{E414D032-3315-474B-85F0-122B62EFCF9C}.Debug|iPhone.ActiveCfg = Debug|Any CPU
		{E414D032-3315-474B-85F0-122B62EFCF9C}.Debug|iPhone.Build.0 = Debug|Any CPU
		{E414D032-3315-474B-85F0-122B62EFCF9C}.Debug|iPhoneSimulator.ActiveCfg = Debug|Any CPU
		{E414D032-3315-474B-85F0-122B62EFCF9C}.Debug|iPhoneSimulator.Build.0 = Debug|Any CPU
		{E414D032-3315-474B-85F0-122B62EFCF9C}.Debug|Mixed Platforms.ActiveCfg = Debug|Any CPU
		{E414D032-3315-474B-85F0-122B62EFCF9C}.Debug|Mixed Platforms.Build.0 = Debug|Any CPU
		{E414D032-3315-474B-85F0-122B62EFCF9C}.Debug|x64.ActiveCfg = Debug|Any CPU
		{E414D032-3315-474B-85F0-122B62EFCF9C}.Debug|x64.Build.0 = Debug|Any CPU
		{E414D032-3315-474B-85F0-122B62EFCF9C}.Debug|x86.ActiveCfg = Debug|Any CPU
		{E414D032-3315-474B-85F0-122B62EFCF9C}.Debug|x86.Build.0 = Debug|Any CPU
		{E414D032-3315-474B-85F0-122B62EFCF9C}.Release|Any CPU.ActiveCfg = Release|Any CPU
		{E414D032-3315-474B-85F0-122B62EFCF9C}.Release|Any CPU.Build.0 = Release|Any CPU
		{E414D032-3315-474B-85F0-122B62EFCF9C}.Release|ARM.ActiveCfg = Release|Any CPU
		{E414D032-3315-474B-85F0-122B62EFCF9C}.Release|ARM.Build.0 = Release|Any CPU
		{E414D032-3315-474B-85F0-122B62EFCF9C}.Release|ARM64.ActiveCfg = Release|Any CPU
		{E414D032-3315-474B-85F0-122B62EFCF9C}.Release|ARM64.Build.0 = Release|Any CPU
		{E414D032-3315-474B-85F0-122B62EFCF9C}.Release|iPhone.ActiveCfg = Release|Any CPU
		{E414D032-3315-474B-85F0-122B62EFCF9C}.Release|iPhone.Build.0 = Release|Any CPU
		{E414D032-3315-474B-85F0-122B62EFCF9C}.Release|iPhoneSimulator.ActiveCfg = Release|Any CPU
		{E414D032-3315-474B-85F0-122B62EFCF9C}.Release|iPhoneSimulator.Build.0 = Release|Any CPU
		{E414D032-3315-474B-85F0-122B62EFCF9C}.Release|Mixed Platforms.ActiveCfg = Release|Any CPU
		{E414D032-3315-474B-85F0-122B62EFCF9C}.Release|Mixed Platforms.Build.0 = Release|Any CPU
		{E414D032-3315-474B-85F0-122B62EFCF9C}.Release|x64.ActiveCfg = Release|Any CPU
		{E414D032-3315-474B-85F0-122B62EFCF9C}.Release|x64.Build.0 = Release|Any CPU
		{E414D032-3315-474B-85F0-122B62EFCF9C}.Release|x86.ActiveCfg = Release|Any CPU
		{E414D032-3315-474B-85F0-122B62EFCF9C}.Release|x86.Build.0 = Release|Any CPU
		{BC919338-B6F0-4907-9D0C-A9FE28A46426}.Debug|Any CPU.ActiveCfg = Debug|Any CPU
		{BC919338-B6F0-4907-9D0C-A9FE28A46426}.Debug|Any CPU.Build.0 = Debug|Any CPU
		{BC919338-B6F0-4907-9D0C-A9FE28A46426}.Debug|ARM.ActiveCfg = Debug|Any CPU
		{BC919338-B6F0-4907-9D0C-A9FE28A46426}.Debug|ARM.Build.0 = Debug|Any CPU
		{BC919338-B6F0-4907-9D0C-A9FE28A46426}.Debug|ARM64.ActiveCfg = Debug|Any CPU
		{BC919338-B6F0-4907-9D0C-A9FE28A46426}.Debug|ARM64.Build.0 = Debug|Any CPU
		{BC919338-B6F0-4907-9D0C-A9FE28A46426}.Debug|iPhone.ActiveCfg = Debug|Any CPU
		{BC919338-B6F0-4907-9D0C-A9FE28A46426}.Debug|iPhone.Build.0 = Debug|Any CPU
		{BC919338-B6F0-4907-9D0C-A9FE28A46426}.Debug|iPhoneSimulator.ActiveCfg = Debug|Any CPU
		{BC919338-B6F0-4907-9D0C-A9FE28A46426}.Debug|iPhoneSimulator.Build.0 = Debug|Any CPU
		{BC919338-B6F0-4907-9D0C-A9FE28A46426}.Debug|Mixed Platforms.ActiveCfg = Debug|Any CPU
		{BC919338-B6F0-4907-9D0C-A9FE28A46426}.Debug|Mixed Platforms.Build.0 = Debug|Any CPU
		{BC919338-B6F0-4907-9D0C-A9FE28A46426}.Debug|x64.ActiveCfg = Debug|Any CPU
		{BC919338-B6F0-4907-9D0C-A9FE28A46426}.Debug|x64.Build.0 = Debug|Any CPU
		{BC919338-B6F0-4907-9D0C-A9FE28A46426}.Debug|x86.ActiveCfg = Debug|Any CPU
		{BC919338-B6F0-4907-9D0C-A9FE28A46426}.Debug|x86.Build.0 = Debug|Any CPU
		{BC919338-B6F0-4907-9D0C-A9FE28A46426}.Release|Any CPU.ActiveCfg = Release|Any CPU
		{BC919338-B6F0-4907-9D0C-A9FE28A46426}.Release|Any CPU.Build.0 = Release|Any CPU
		{BC919338-B6F0-4907-9D0C-A9FE28A46426}.Release|ARM.ActiveCfg = Release|Any CPU
		{BC919338-B6F0-4907-9D0C-A9FE28A46426}.Release|ARM.Build.0 = Release|Any CPU
		{BC919338-B6F0-4907-9D0C-A9FE28A46426}.Release|ARM64.ActiveCfg = Release|Any CPU
		{BC919338-B6F0-4907-9D0C-A9FE28A46426}.Release|ARM64.Build.0 = Release|Any CPU
		{BC919338-B6F0-4907-9D0C-A9FE28A46426}.Release|iPhone.ActiveCfg = Release|Any CPU
		{BC919338-B6F0-4907-9D0C-A9FE28A46426}.Release|iPhone.Build.0 = Release|Any CPU
		{BC919338-B6F0-4907-9D0C-A9FE28A46426}.Release|iPhoneSimulator.ActiveCfg = Release|Any CPU
		{BC919338-B6F0-4907-9D0C-A9FE28A46426}.Release|iPhoneSimulator.Build.0 = Release|Any CPU
		{BC919338-B6F0-4907-9D0C-A9FE28A46426}.Release|Mixed Platforms.ActiveCfg = Release|Any CPU
		{BC919338-B6F0-4907-9D0C-A9FE28A46426}.Release|Mixed Platforms.Build.0 = Release|Any CPU
		{BC919338-B6F0-4907-9D0C-A9FE28A46426}.Release|x64.ActiveCfg = Release|Any CPU
		{BC919338-B6F0-4907-9D0C-A9FE28A46426}.Release|x64.Build.0 = Release|Any CPU
		{BC919338-B6F0-4907-9D0C-A9FE28A46426}.Release|x86.ActiveCfg = Release|Any CPU
		{BC919338-B6F0-4907-9D0C-A9FE28A46426}.Release|x86.Build.0 = Release|Any CPU
		{CA0C8E4D-56E8-4D98-AB14-728030803B6C}.Debug|Any CPU.ActiveCfg = Debug|Any CPU
		{CA0C8E4D-56E8-4D98-AB14-728030803B6C}.Debug|Any CPU.Build.0 = Debug|Any CPU
		{CA0C8E4D-56E8-4D98-AB14-728030803B6C}.Debug|ARM.ActiveCfg = Debug|Any CPU
		{CA0C8E4D-56E8-4D98-AB14-728030803B6C}.Debug|ARM.Build.0 = Debug|Any CPU
		{CA0C8E4D-56E8-4D98-AB14-728030803B6C}.Debug|ARM64.ActiveCfg = Debug|Any CPU
		{CA0C8E4D-56E8-4D98-AB14-728030803B6C}.Debug|ARM64.Build.0 = Debug|Any CPU
		{CA0C8E4D-56E8-4D98-AB14-728030803B6C}.Debug|iPhone.ActiveCfg = Debug|Any CPU
		{CA0C8E4D-56E8-4D98-AB14-728030803B6C}.Debug|iPhone.Build.0 = Debug|Any CPU
		{CA0C8E4D-56E8-4D98-AB14-728030803B6C}.Debug|iPhoneSimulator.ActiveCfg = Debug|Any CPU
		{CA0C8E4D-56E8-4D98-AB14-728030803B6C}.Debug|iPhoneSimulator.Build.0 = Debug|Any CPU
		{CA0C8E4D-56E8-4D98-AB14-728030803B6C}.Debug|Mixed Platforms.ActiveCfg = Debug|Any CPU
		{CA0C8E4D-56E8-4D98-AB14-728030803B6C}.Debug|Mixed Platforms.Build.0 = Debug|Any CPU
		{CA0C8E4D-56E8-4D98-AB14-728030803B6C}.Debug|x64.ActiveCfg = Debug|Any CPU
		{CA0C8E4D-56E8-4D98-AB14-728030803B6C}.Debug|x64.Build.0 = Debug|Any CPU
		{CA0C8E4D-56E8-4D98-AB14-728030803B6C}.Debug|x86.ActiveCfg = Debug|Any CPU
		{CA0C8E4D-56E8-4D98-AB14-728030803B6C}.Debug|x86.Build.0 = Debug|Any CPU
		{CA0C8E4D-56E8-4D98-AB14-728030803B6C}.Release|Any CPU.ActiveCfg = Release|Any CPU
		{CA0C8E4D-56E8-4D98-AB14-728030803B6C}.Release|Any CPU.Build.0 = Release|Any CPU
		{CA0C8E4D-56E8-4D98-AB14-728030803B6C}.Release|ARM.ActiveCfg = Release|Any CPU
		{CA0C8E4D-56E8-4D98-AB14-728030803B6C}.Release|ARM.Build.0 = Release|Any CPU
		{CA0C8E4D-56E8-4D98-AB14-728030803B6C}.Release|ARM64.ActiveCfg = Release|Any CPU
		{CA0C8E4D-56E8-4D98-AB14-728030803B6C}.Release|ARM64.Build.0 = Release|Any CPU
		{CA0C8E4D-56E8-4D98-AB14-728030803B6C}.Release|iPhone.ActiveCfg = Release|Any CPU
		{CA0C8E4D-56E8-4D98-AB14-728030803B6C}.Release|iPhone.Build.0 = Release|Any CPU
		{CA0C8E4D-56E8-4D98-AB14-728030803B6C}.Release|iPhoneSimulator.ActiveCfg = Release|Any CPU
		{CA0C8E4D-56E8-4D98-AB14-728030803B6C}.Release|iPhoneSimulator.Build.0 = Release|Any CPU
		{CA0C8E4D-56E8-4D98-AB14-728030803B6C}.Release|Mixed Platforms.ActiveCfg = Release|Any CPU
		{CA0C8E4D-56E8-4D98-AB14-728030803B6C}.Release|Mixed Platforms.Build.0 = Release|Any CPU
		{CA0C8E4D-56E8-4D98-AB14-728030803B6C}.Release|x64.ActiveCfg = Release|Any CPU
		{CA0C8E4D-56E8-4D98-AB14-728030803B6C}.Release|x64.Build.0 = Release|Any CPU
		{CA0C8E4D-56E8-4D98-AB14-728030803B6C}.Release|x86.ActiveCfg = Release|Any CPU
		{CA0C8E4D-56E8-4D98-AB14-728030803B6C}.Release|x86.Build.0 = Release|Any CPU
	EndGlobalSection
	GlobalSection(SolutionProperties) = preSolution
		HideSolutionNode = FALSE
	EndGlobalSection
	GlobalSection(ExtensibilityGlobals) = postSolution
		SolutionGuid = {AEDF147B-2A0E-459B-ACAE-56382EF5D59C}
	EndGlobalSection
	GlobalSection(SharedMSBuildProjectFiles) = preSolution
		MatSchedShared\MatSchedShared.projitems*{1651eea6-dc38-46b6-8cef-3b37b0fc2316}*SharedItemsImports = 13
		MatSchedShared\MatSchedShared.projitems*{d081613e-316d-4c62-8bfe-ef5fca59bb85}*SharedItemsImports = 4
		MatSchedShared\MatSchedShared.projitems*{dd9076a6-c5d8-4f1f-8441-deb4f3e61511}*SharedItemsImports = 4
	EndGlobalSection
	
EndGlobal
