
Microsoft Visual Studio Solution File, Format Version 12.00
# Visual Studio 14
VisualStudioVersion = 14.0.25123.0
MinimumVisualStudioVersion = 10.0.40219.1
Project("{F184B08F-C81C-45F6-A57F-5ABD9991F28F}") = "Oauth", "Oauth\Oauth.vbproj", "{C42CBF57-AD07-4C19-BD74-839D543F1246}"
EndProject
Global
	GlobalSection(SolutionConfigurationPlatforms) = preSolution
		Debug|Any CPU = Debug|Any CPU
		Release|Any CPU = Release|Any CPU
	EndGlobalSection
	GlobalSection(ProjectConfigurationPlatforms) = postSolution
		{C42CBF57-AD07-4C19-BD74-839D543F1246}.Debug|Any CPU.ActiveCfg = Debug|Any CPU
		{C42CBF57-AD07-4C19-BD74-839D543F1246}.Debug|Any CPU.Build.0 = Debug|Any CPU
		{C42CBF57-AD07-4C19-BD74-839D543F1246}.Release|Any CPU.ActiveCfg = Release|Any CPU
		{C42CBF57-AD07-4C19-BD74-839D543F1246}.Release|Any CPU.Build.0 = Release|Any CPU
	EndGlobalSection
	GlobalSection(SolutionProperties) = preSolution
		HideSolutionNode = FALSE
	EndGlobalSection
	GlobalSection(TeamFoundationVersionControl) = preSolution
		SccNumberOfProjects = 2
		SccEnterpriseProvider = {4CA58AB2-18FA-4F8D-95D4-32DDF27D184C}
		SccTeamFoundationServer = https://matiasmasso.visualstudio.com/defaultcollection
		SccLocalPath0 = .
		SccProjectUniqueName1 = Oauth\\Oauth.vbproj
		SccProjectName1 = Oauth
		SccLocalPath1 = Oauth
	EndGlobalSection
EndGlobal
