
Microsoft Visual Studio Solution File, Format Version 12.00
# Visual Studio Version 18
VisualStudioVersion = 18.2.11415.280 d18.0
MinimumVisualStudioVersion = 10.0.40219.1
Project("{FAE04EC0-301F-11D3-BF4B-00C04F79EFBC}") = "Identity.Api", "Identity.Api.csproj", "{66A25C6A-A330-8759-8A70-DE9774C5FD85}"
EndProject
Project("{FAE04EC0-301F-11D3-BF4B-00C04F79EFBC}") = "Identity.Admin", "..\Identity.Admin\Identity.Admin.csproj", "{E67BEF40-3C8F-5DA4-270A-CF7306B26E03}"
EndProject
Global
	GlobalSection(SolutionConfigurationPlatforms) = preSolution
		Debug|Any CPU = Debug|Any CPU
		Release|Any CPU = Release|Any CPU
	EndGlobalSection
	GlobalSection(ProjectConfigurationPlatforms) = postSolution
		{66A25C6A-A330-8759-8A70-DE9774C5FD85}.Debug|Any CPU.ActiveCfg = Debug|Any CPU
		{66A25C6A-A330-8759-8A70-DE9774C5FD85}.Debug|Any CPU.Build.0 = Debug|Any CPU
		{66A25C6A-A330-8759-8A70-DE9774C5FD85}.Release|Any CPU.ActiveCfg = Release|Any CPU
		{66A25C6A-A330-8759-8A70-DE9774C5FD85}.Release|Any CPU.Build.0 = Release|Any CPU
		{E67BEF40-3C8F-5DA4-270A-CF7306B26E03}.Debug|Any CPU.ActiveCfg = Debug|Any CPU
		{E67BEF40-3C8F-5DA4-270A-CF7306B26E03}.Debug|Any CPU.Build.0 = Debug|Any CPU
		{E67BEF40-3C8F-5DA4-270A-CF7306B26E03}.Release|Any CPU.ActiveCfg = Release|Any CPU
		{E67BEF40-3C8F-5DA4-270A-CF7306B26E03}.Release|Any CPU.Build.0 = Release|Any CPU
	EndGlobalSection
	GlobalSection(SolutionProperties) = preSolution
		HideSolutionNode = FALSE
	EndGlobalSection
	GlobalSection(ExtensibilityGlobals) = postSolution
		SolutionGuid = {0096F1F7-D3F0-4B56-882B-0AE9CF2603F1}
	EndGlobalSection
EndGlobal
