
Microsoft Visual Studio Solution File, Format Version 12.00
# Visual Studio Version 18
VisualStudioVersion = 18.2.11415.280 d18.0
MinimumVisualStudioVersion = 16.0.0.0
Project("{9A19103F-16F7-4668-BE54-9A1E7A4F7556}") = "IdentityPlatform", "IdentityPlatform\IdentityPlatform.csproj", "{C5056271-44BB-443D-B30F-B11E6F556279}"
EndProject
Project("{9A19103F-16F7-4668-BE54-9A1E7A4F7556}") = "IdentityPlatform.Client", "IdentityPlatform.Client\IdentityPlatform.Client.csproj", "{DCB49A7A-06A4-4C27-BB2D-E029045ADEF7}"
EndProject
Project("{FAE04EC0-301F-11D3-BF4B-00C04F79EFBC}") = "IdentityPlatform.Server", "IdentityPlatform.Server\IdentityPlatform.Server.csproj", "{6D01BBE9-CD86-C4D9-3D8B-E40A7540EA86}"
EndProject
Global
	GlobalSection(SolutionConfigurationPlatforms) = preSolution
		Debug|Any CPU = Debug|Any CPU
		Debug|x64 = Debug|x64
		Debug|x86 = Debug|x86
		Release|Any CPU = Release|Any CPU
		Release|x64 = Release|x64
		Release|x86 = Release|x86
	EndGlobalSection
	GlobalSection(ProjectConfigurationPlatforms) = postSolution
		{C5056271-44BB-443D-B30F-B11E6F556279}.Debug|Any CPU.ActiveCfg = Debug|Any CPU
		{C5056271-44BB-443D-B30F-B11E6F556279}.Debug|Any CPU.Build.0 = Debug|Any CPU
		{C5056271-44BB-443D-B30F-B11E6F556279}.Debug|x64.ActiveCfg = Debug|Any CPU
		{C5056271-44BB-443D-B30F-B11E6F556279}.Debug|x64.Build.0 = Debug|Any CPU
		{C5056271-44BB-443D-B30F-B11E6F556279}.Debug|x86.ActiveCfg = Debug|Any CPU
		{C5056271-44BB-443D-B30F-B11E6F556279}.Debug|x86.Build.0 = Debug|Any CPU
		{C5056271-44BB-443D-B30F-B11E6F556279}.Release|Any CPU.ActiveCfg = Release|Any CPU
		{C5056271-44BB-443D-B30F-B11E6F556279}.Release|Any CPU.Build.0 = Release|Any CPU
		{C5056271-44BB-443D-B30F-B11E6F556279}.Release|x64.ActiveCfg = Release|Any CPU
		{C5056271-44BB-443D-B30F-B11E6F556279}.Release|x64.Build.0 = Release|Any CPU
		{C5056271-44BB-443D-B30F-B11E6F556279}.Release|x86.ActiveCfg = Release|Any CPU
		{C5056271-44BB-443D-B30F-B11E6F556279}.Release|x86.Build.0 = Release|Any CPU
		{DCB49A7A-06A4-4C27-BB2D-E029045ADEF7}.Debug|Any CPU.ActiveCfg = Debug|Any CPU
		{DCB49A7A-06A4-4C27-BB2D-E029045ADEF7}.Debug|Any CPU.Build.0 = Debug|Any CPU
		{DCB49A7A-06A4-4C27-BB2D-E029045ADEF7}.Debug|x64.ActiveCfg = Debug|Any CPU
		{DCB49A7A-06A4-4C27-BB2D-E029045ADEF7}.Debug|x64.Build.0 = Debug|Any CPU
		{DCB49A7A-06A4-4C27-BB2D-E029045ADEF7}.Debug|x86.ActiveCfg = Debug|Any CPU
		{DCB49A7A-06A4-4C27-BB2D-E029045ADEF7}.Debug|x86.Build.0 = Debug|Any CPU
		{DCB49A7A-06A4-4C27-BB2D-E029045ADEF7}.Release|Any CPU.ActiveCfg = Release|Any CPU
		{DCB49A7A-06A4-4C27-BB2D-E029045ADEF7}.Release|Any CPU.Build.0 = Release|Any CPU
		{DCB49A7A-06A4-4C27-BB2D-E029045ADEF7}.Release|x64.ActiveCfg = Release|Any CPU
		{DCB49A7A-06A4-4C27-BB2D-E029045ADEF7}.Release|x64.Build.0 = Release|Any CPU
		{DCB49A7A-06A4-4C27-BB2D-E029045ADEF7}.Release|x86.ActiveCfg = Release|Any CPU
		{DCB49A7A-06A4-4C27-BB2D-E029045ADEF7}.Release|x86.Build.0 = Release|Any CPU
		{6D01BBE9-CD86-C4D9-3D8B-E40A7540EA86}.Debug|Any CPU.ActiveCfg = Debug|Any CPU
		{6D01BBE9-CD86-C4D9-3D8B-E40A7540EA86}.Debug|Any CPU.Build.0 = Debug|Any CPU
		{6D01BBE9-CD86-C4D9-3D8B-E40A7540EA86}.Debug|x64.ActiveCfg = Debug|Any CPU
		{6D01BBE9-CD86-C4D9-3D8B-E40A7540EA86}.Debug|x64.Build.0 = Debug|Any CPU
		{6D01BBE9-CD86-C4D9-3D8B-E40A7540EA86}.Debug|x86.ActiveCfg = Debug|Any CPU
		{6D01BBE9-CD86-C4D9-3D8B-E40A7540EA86}.Debug|x86.Build.0 = Debug|Any CPU
		{6D01BBE9-CD86-C4D9-3D8B-E40A7540EA86}.Release|Any CPU.ActiveCfg = Release|Any CPU
		{6D01BBE9-CD86-C4D9-3D8B-E40A7540EA86}.Release|Any CPU.Build.0 = Release|Any CPU
		{6D01BBE9-CD86-C4D9-3D8B-E40A7540EA86}.Release|x64.ActiveCfg = Release|Any CPU
		{6D01BBE9-CD86-C4D9-3D8B-E40A7540EA86}.Release|x64.Build.0 = Release|Any CPU
		{6D01BBE9-CD86-C4D9-3D8B-E40A7540EA86}.Release|x86.ActiveCfg = Release|Any CPU
		{6D01BBE9-CD86-C4D9-3D8B-E40A7540EA86}.Release|x86.Build.0 = Release|Any CPU
	EndGlobalSection
	GlobalSection(SolutionProperties) = preSolution
		HideSolutionNode = FALSE
	EndGlobalSection
	GlobalSection(ExtensibilityGlobals) = postSolution
		SolutionGuid = {534A52C4-248D-4664-B279-0EE736D6F3B2}
	EndGlobalSection
EndGlobal
