
Microsoft Visual Studio Solution File, Format Version 12.00
# Visual Studio Version 18
VisualStudioVersion = 18.1.11312.151 d18.0
MinimumVisualStudioVersion = 10.0.40219.1
Project("{FAE04EC0-301F-11D3-BF4B-00C04F79EFBC}") = "MatComponents", "MatComponents.csproj", "{300D87B6-260B-6D76-EB16-6B08788FFD14}"
EndProject
Global
	GlobalSection(SolutionConfigurationPlatforms) = preSolution
		Debug|Any CPU = Debug|Any CPU
		Release|Any CPU = Release|Any CPU
	EndGlobalSection
	GlobalSection(ProjectConfigurationPlatforms) = postSolution
		{300D87B6-260B-6D76-EB16-6B08788FFD14}.Debug|Any CPU.ActiveCfg = Debug|Any CPU
		{300D87B6-260B-6D76-EB16-6B08788FFD14}.Debug|Any CPU.Build.0 = Debug|Any CPU
		{300D87B6-260B-6D76-EB16-6B08788FFD14}.Release|Any CPU.ActiveCfg = Release|Any CPU
		{300D87B6-260B-6D76-EB16-6B08788FFD14}.Release|Any CPU.Build.0 = Release|Any CPU
	EndGlobalSection
	GlobalSection(SolutionProperties) = preSolution
		HideSolutionNode = FALSE
	EndGlobalSection
	GlobalSection(ExtensibilityGlobals) = postSolution
		SolutionGuid = {5E6244A3-B590-4361-BB28-53AFFF92BAD8}
	EndGlobalSection
EndGlobal
